// !$*UTF8*$!
{
	archiveVersion = 1;
	classes = {
	};
	objectVersion = 46;
	objects = {
/* Begin PBXBuildFile section */
		0207DA581B56EA530066E2B4 /* Images.xcassets in Resources */ = {isa = PBXBuildFile; fileRef = 0207DA571B56EA530066E2B4 /* Images.xcassets */; };
		025905E3321C4CF8AA00C88D /* CDVCompass.m in Sources */ = {isa = PBXBuildFile; fileRef = 4245ECDD563E4515855D3D24 /* CDVCompass.m */; };
		11F07A3795E84B618628CD9D /* AVFoundation.framework in Frameworks */ = {isa = PBXBuildFile; fileRef = 0A1DD559F28F429EA5070503 /* AVFoundation.framework */; };
		139B29E770CF4790A3A5023B /* CDVBattery.m in Sources */ = {isa = PBXBuildFile; fileRef = DA170F717E994F1490B0FF97 /* CDVBattery.m */; };
		18A13808FD4A41DDB7813F14 /* CDVFileTransfer.m in Sources */ = {isa = PBXBuildFile; fileRef = 36FD5B0F6FDE41978B3D4A5B /* CDVFileTransfer.m */; };
		19AE134217234BBCBDD93E86 /* CDVConnection.m in Sources */ = {isa = PBXBuildFile; fileRef = 3936ACEEBE8042FD880DDC9E /* CDVConnection.m */; };
		1D3623260D0F684500981E51 /* AppDelegate.m in Sources */ = {isa = PBXBuildFile; fileRef = 1D3623250D0F684500981E51 /* AppDelegate.m */; };
		1D60589B0D05DD56006BFB54 /* main.m in Sources */ = {isa = PBXBuildFile; fileRef = 29B97316FDCFA39411CA2CEA /* main.m */; };
		301BF552109A68D80062928A /* libCordova.a in Frameworks */ = {isa = PBXBuildFile; fileRef = 301BF535109A57CC0062928A /* libCordova.a */; };
		302D95F114D2391D003F00A1 /* MainViewController.m in Sources */ = {isa = PBXBuildFile; fileRef = 302D95EF14D2391D003F00A1 /* MainViewController.m */; };
		302D95F214D2391D003F00A1 /* MainViewController.xib in Resources */ = {isa = PBXBuildFile; fileRef = 302D95F014D2391D003F00A1 /* MainViewController.xib */; };
		3047A5121AB8059700498E2A /* build-debug.xcconfig in Resources */ = {isa = PBXBuildFile; fileRef = 3047A50F1AB8059700498E2A /* build-debug.xcconfig */; };
		3047A5131AB8059700498E2A /* build-release.xcconfig in Resources */ = {isa = PBXBuildFile; fileRef = 3047A5101AB8059700498E2A /* build-release.xcconfig */; };
		3047A5141AB8059700498E2A /* build.xcconfig in Resources */ = {isa = PBXBuildFile; fileRef = 3047A5111AB8059700498E2A /* build.xcconfig */; };
		400505076F6F437AA6358C05 /* AudioToolbox.framework in Frameworks */ = {isa = PBXBuildFile; fileRef = 278DCC4DFDA547949924FF1E /* AudioToolbox.framework */; settings = {ATTRIBUTES = (Weak, ); }; };
		48DE8FCAA452462D89AB802C /* CDVCapture.bundle in Resources */ = {isa = PBXBuildFile; fileRef = 045BC80DE5D7450BB1896398 /* CDVCapture.bundle */; };
		4D94E0F057E94C5DBDF1DD47 /* CDVReachability.m in Sources */ = {isa = PBXBuildFile; fileRef = 630DEA78483946588728C8B6 /* CDVReachability.m */; };
		4FC8EEA399184101857C9F2B /* CDVInAppBrowser.m in Sources */ = {isa = PBXBuildFile; fileRef = BECEA5E7CC2240CAB607F166 /* CDVInAppBrowser.m */; };
		50C5AEFA2D984E6CB88574A8 /* CDVVibration.m in Sources */ = {isa = PBXBuildFile; fileRef = B3C12085E158466AA6ADC5F7 /* CDVVibration.m */; };
		55A8EA68BF884F1F961EFBFE /* CDVSplashScreen.m in Sources */ = {isa = PBXBuildFile; fileRef = 0B46FBB438614162AE10800D /* CDVSplashScreen.m */; };
		580DBC5B1F164CF99811D620 /* CDVCamera.m in Sources */ = {isa = PBXBuildFile; fileRef = F3CDD95B0A1A4E72BB0AA1EA /* CDVCamera.m */; };
		6F4BC02F7ADE49FD9174885E /* CDVStatusBar.m in Sources */ = {isa = PBXBuildFile; fileRef = BB9AB9D51E544E8ABE8A8A6F /* CDVStatusBar.m */; };
		73C62B35943B4438B8053FA1 /* AddressBookUI.framework in Frameworks */ = {isa = PBXBuildFile; fileRef = 55988A8DEDAE46C383E366A4 /* AddressBookUI.framework */; settings = {ATTRIBUTES = (Weak, ); }; };
		76371581480C4E118CF53FE9 /* CDVJpegHeaderWriter.m in Sources */ = {isa = PBXBuildFile; fileRef = F967C77BA31348A38F91B9D1 /* CDVJpegHeaderWriter.m */; };
		7E109655EAD7498491342041 /* CDVContact.m in Sources */ = {isa = PBXBuildFile; fileRef = 3837C389067F4E08880A4C7B /* CDVContact.m */; };
		8AB4BB35939C4C658C7ED7FA /* CDVNotification.bundle in Resources */ = {isa = PBXBuildFile; fileRef = F88B9F7B0AE8487F9757F368 /* CDVNotification.bundle */; };
		8D9A5F283DFE4935A51C8185 /* CDVDevice.m in Sources */ = {isa = PBXBuildFile; fileRef = 8EDEA97BC8F44053BDA70C9E /* CDVDevice.m */; };
		97B643698E9F43EFB5647775 /* CDVSound.m in Sources */ = {isa = PBXBuildFile; fileRef = 35C5C42D54BB4876837CB85A /* CDVSound.m */; };
		9E711C3E6F30452A80A6D4E6 /* CDVGlobalization.m in Sources */ = {isa = PBXBuildFile; fileRef = 0DC1C44FD5364DA294A9781D /* CDVGlobalization.m */; };
		9EE5B60DC1AA40C5B7C61A81 /* CDVContacts.m in Sources */ = {isa = PBXBuildFile; fileRef = ACCEE005001C4B669A27681B /* CDVContacts.m */; };
		A2E8F290073A4084910A8EA2 /* CoreMotion.framework in Frameworks */ = {isa = PBXBuildFile; fileRef = F41064478A4A48D88310E862 /* CoreMotion.framework */; };
		AE40D8C795CC41B0B4502A3E /* ImageIO.framework in Frameworks */ = {isa = PBXBuildFile; fileRef = D1BAB47D8B5F4A98BA5E313A /* ImageIO.framework */; settings = {ATTRIBUTES = (Weak, ); }; };
		C754B270EF434B9A80EE3E5B /* CDVLocalFilesystem.m in Sources */ = {isa = PBXBuildFile; fileRef = 1758172F6AEE489FA56DB367 /* CDVLocalFilesystem.m */; };
		C76E72E13DE541D69CF6A8AE /* CDVNotification.m in Sources */ = {isa = PBXBuildFile; fileRef = EF2AA87723B343BC9641345D /* CDVNotification.m */; };
		CEA57CC0677E48B5A68C22E3 /* CDVCapture.m in Sources */ = {isa = PBXBuildFile; fileRef = 478C9B1B8F9B4C7F9B0FDB76 /* CDVCapture.m */; };
		D4F66CC6CF734D75A6346568 /* CDVAssetLibraryFilesystem.m in Sources */ = {isa = PBXBuildFile; fileRef = AED1B5B7838840AEA30D262B /* CDVAssetLibraryFilesystem.m */; };
		D59DDF0E362847D18A7F3E92 /* CDVViewController+SplashScreen.m in Sources */ = {isa = PBXBuildFile; fileRef = B5AC49FC8D794712AC72AEDD /* CDVViewController+SplashScreen.m */; };
		DC48AAC6F27A41E68013306F /* CDVFile.m in Sources */ = {isa = PBXBuildFile; fileRef = A38A4E3F7FDE43EAAE0C8805 /* CDVFile.m */; };
		E51EF61D3E2349F29B74A02D /* UIImage+CropScaleOrientation.m in Sources */ = {isa = PBXBuildFile; fileRef = DEBB1494D8214B0890F35FFD /* UIImage+CropScaleOrientation.m */; };
		E76EDB9545BF45D29558DC35 /* CoreTelephony.framework in Frameworks */ = {isa = PBXBuildFile; fileRef = E95B615BB5B942BDB33DA0DB /* CoreTelephony.framework */; };
		EA0FD64A29C148A9BC39494B /* CoreLocation.framework in Frameworks */ = {isa = PBXBuildFile; fileRef = 543C2774A4204612AEF98BC3 /* CoreLocation.framework */; };
		EACAE2FFB9264D91B50328BC /* SystemConfiguration.framework in Frameworks */ = {isa = PBXBuildFile; fileRef = DFD4BA5B1B214E7EA9C543B5 /* SystemConfiguration.framework */; settings = {ATTRIBUTES = (Weak, ); }; };
		EC56B9FCBCB24010BB87ED44 /* CDVLocation.m in Sources */ = {isa = PBXBuildFile; fileRef = A40C845FE3CD4A349577F931 /* CDVLocation.m */; };
		FE2B27F5AC1640F18D31DD73 /* AddressBook.framework in Frameworks */ = {isa = PBXBuildFile; fileRef = 08E7DA6439694578A097B1D1 /* AddressBook.framework */; settings = {ATTRIBUTES = (Weak, ); }; };
		75E0F981CB954120958BDE31 /* Pedometer.m in Sources */ = {isa = PBXBuildFile; fileRef = 59C17CBC20154BF5B839415F /* Pedometer.m */; };
		89120EE0713D4BC09921FEC2 /* CDVAccelerometer.m in Sources */ = {isa = PBXBuildFile; fileRef = 19D0CB4726274BFCAE56D95D /* CDVAccelerometer.m */; };
		71B603FAA0294436BE782122 /* CDVLogger.m in Sources */ = {isa = PBXBuildFile; fileRef = 40309425D6C847EFB8199EFC /* CDVLogger.m */; };
/* End PBXBuildFile section */

/* Begin PBXContainerItemProxy section */
		301BF534109A57CC0062928A /* PBXContainerItemProxy */ = {
			isa = PBXContainerItemProxy;
			containerPortal = 301BF52D109A57CC0062928A /* CordovaLib.xcodeproj */;
			proxyType = 2;
			remoteGlobalIDString = D2AAC07E0554694100DB518D;
			remoteInfo = CordovaLib;
		};
		301BF550109A68C00062928A /* PBXContainerItemProxy */ = {
			isa = PBXContainerItemProxy;
			containerPortal = 301BF52D109A57CC0062928A /* CordovaLib.xcodeproj */;
			proxyType = 1;
			remoteGlobalIDString = D2AAC07D0554694100DB518D;
			remoteInfo = CordovaLib;
		};
/* End PBXContainerItemProxy section */

/* Begin PBXFileReference section */
		0207DA571B56EA530066E2B4 /* Images.xcassets */ = {isa = PBXFileReference; lastKnownFileType = folder.assetcatalog; name = Images.xcassets; path = Pedometer/Images.xcassets; sourceTree = SOURCE_ROOT; };
		03723FD02E9D435AB4F2499C /* CDVJpegHeaderWriter.h */ = {isa = PBXFileReference; explicitFileType = undefined; fileEncoding = 4; includeInIndex = 0; lastKnownFileType = sourcecode.c.h; name = CDVJpegHeaderWriter.h; path = "cordova-plugin-camera/CDVJpegHeaderWriter.h"; sourceTree = "<group>"; };
		045BC80DE5D7450BB1896398 /* CDVCapture.bundle */ = {isa = PBXFileReference; explicitFileType = undefined; fileEncoding = 9; includeInIndex = 0; lastKnownFileType = "wrapper.plug-in"; path = CDVCapture.bundle; sourceTree = "<group>"; };
		08E7DA6439694578A097B1D1 /* AddressBook.framework */ = {isa = PBXFileReference; explicitFileType = undefined; fileEncoding = 9; includeInIndex = 0; lastKnownFileType = wrapper.framework; name = AddressBook.framework; path = System/Library/Frameworks/AddressBook.framework; sourceTree = SDKROOT; };
		0A1DD559F28F429EA5070503 /* AVFoundation.framework */ = {isa = PBXFileReference; explicitFileType = undefined; fileEncoding = 9; includeInIndex = 0; lastKnownFileType = wrapper.framework; name = AVFoundation.framework; path = System/Library/Frameworks/AVFoundation.framework; sourceTree = SDKROOT; };
		0B46FBB438614162AE10800D /* CDVSplashScreen.m */ = {isa = PBXFileReference; explicitFileType = undefined; fileEncoding = 4; includeInIndex = 0; lastKnownFileType = sourcecode.c.objc; name = CDVSplashScreen.m; path = "cordova-plugin-splashscreen/CDVSplashScreen.m"; sourceTree = "<group>"; };
		0DC1C44FD5364DA294A9781D /* CDVGlobalization.m */ = {isa = PBXFileReference; explicitFileType = undefined; fileEncoding = 4; includeInIndex = 0; lastKnownFileType = sourcecode.c.objc; name = CDVGlobalization.m; path = "cordova-plugin-globalization/CDVGlobalization.m"; sourceTree = "<group>"; };
		1758172F6AEE489FA56DB367 /* CDVLocalFilesystem.m */ = {isa = PBXFileReference; explicitFileType = undefined; fileEncoding = 4; includeInIndex = 0; lastKnownFileType = sourcecode.c.objc; name = CDVLocalFilesystem.m; path = "cordova-plugin-file/CDVLocalFilesystem.m"; sourceTree = "<group>"; };
		19EE9691E1C447028BE92FD3 /* CDVStatusBar.h */ = {isa = PBXFileReference; explicitFileType = undefined; fileEncoding = 4; includeInIndex = 0; lastKnownFileType = sourcecode.c.h; name = CDVStatusBar.h; path = "cordova-plugin-statusbar/CDVStatusBar.h"; sourceTree = "<group>"; };
		1D3623240D0F684500981E51 /* AppDelegate.h */ = {isa = PBXFileReference; fileEncoding = 4; lastKnownFileType = sourcecode.c.h; path = AppDelegate.h; sourceTree = "<group>"; };
		1D3623250D0F684500981E51 /* AppDelegate.m */ = {isa = PBXFileReference; fileEncoding = 4; lastKnownFileType = sourcecode.c.objc; path = AppDelegate.m; sourceTree = "<group>"; };
		1D6058910D05DD3D006BFB54 /* Pedometer.app */ = {isa = PBXFileReference; explicitFileType = wrapper.application; includeInIndex = 0; path = Pedometer.app; sourceTree = BUILT_PRODUCTS_DIR; };
		212DF42BA8A7435197D323E0 /* CDVLocalFilesystem.h */ = {isa = PBXFileReference; explicitFileType = undefined; fileEncoding = 4; includeInIndex = 0; lastKnownFileType = sourcecode.c.h; name = CDVLocalFilesystem.h; path = "cordova-plugin-file/CDVLocalFilesystem.h"; sourceTree = "<group>"; };
		278DCC4DFDA547949924FF1E /* AudioToolbox.framework */ = {isa = PBXFileReference; explicitFileType = undefined; fileEncoding = 9; includeInIndex = 0; lastKnownFileType = wrapper.framework; name = AudioToolbox.framework; path = System/Library/Frameworks/AudioToolbox.framework; sourceTree = SDKROOT; };
		29B97316FDCFA39411CA2CEA /* main.m */ = {isa = PBXFileReference; fileEncoding = 4; lastKnownFileType = sourcecode.c.objc; path = main.m; sourceTree = "<group>"; };
		301BF52D109A57CC0062928A /* CordovaLib.xcodeproj */ = {isa = PBXFileReference; lastKnownFileType = "wrapper.pb-project"; name = CordovaLib.xcodeproj; path = CordovaLib/CordovaLib.xcodeproj; sourceTree = "<group>"; };
		301BF56E109A69640062928A /* www */ = {isa = PBXFileReference; lastKnownFileType = folder; path = www; sourceTree = SOURCE_ROOT; };
		302D95EE14D2391D003F00A1 /* MainViewController.h */ = {isa = PBXFileReference; fileEncoding = 4; lastKnownFileType = sourcecode.c.h; path = MainViewController.h; sourceTree = "<group>"; };
		302D95EF14D2391D003F00A1 /* MainViewController.m */ = {isa = PBXFileReference; fileEncoding = 4; lastKnownFileType = sourcecode.c.objc; path = MainViewController.m; sourceTree = "<group>"; };
		302D95F014D2391D003F00A1 /* MainViewController.xib */ = {isa = PBXFileReference; fileEncoding = 4; lastKnownFileType = file.xib; path = MainViewController.xib; sourceTree = "<group>"; };
		3047A50F1AB8059700498E2A /* build-debug.xcconfig */ = {isa = PBXFileReference; fileEncoding = 4; lastKnownFileType = text.xcconfig; name = "build-debug.xcconfig"; path = "cordova/build-debug.xcconfig"; sourceTree = SOURCE_ROOT; };
		3047A5101AB8059700498E2A /* build-release.xcconfig */ = {isa = PBXFileReference; fileEncoding = 4; lastKnownFileType = text.xcconfig; name = "build-release.xcconfig"; path = "cordova/build-release.xcconfig"; sourceTree = SOURCE_ROOT; };
		3047A5111AB8059700498E2A /* build.xcconfig */ = {isa = PBXFileReference; fileEncoding = 4; lastKnownFileType = text.xcconfig; name = build.xcconfig; path = cordova/build.xcconfig; sourceTree = SOURCE_ROOT; };
		310BE5ED715B486E9430C156 /* CDVInAppBrowser.h */ = {isa = PBXFileReference; explicitFileType = undefined; fileEncoding = 4; includeInIndex = 0; lastKnownFileType = sourcecode.c.h; name = CDVInAppBrowser.h; path = "cordova-plugin-inappbrowser/CDVInAppBrowser.h"; sourceTree = "<group>"; };
		32CA4F630368D1EE00C91783 /* Pedometer-Prefix.pch */ = {isa = PBXFileReference; fileEncoding = 4; lastKnownFileType = sourcecode.c.h; path = "Pedometer-Prefix.pch"; sourceTree = "<group>"; };
		35C5C42D54BB4876837CB85A /* CDVSound.m */ = {isa = PBXFileReference; explicitFileType = undefined; fileEncoding = 4; includeInIndex = 0; lastKnownFileType = sourcecode.c.objc; name = CDVSound.m; path = "cordova-plugin-media/CDVSound.m"; sourceTree = "<group>"; };
		36FD5B0F6FDE41978B3D4A5B /* CDVFileTransfer.m */ = {isa = PBXFileReference; explicitFileType = undefined; fileEncoding = 4; includeInIndex = 0; lastKnownFileType = sourcecode.c.objc; name = CDVFileTransfer.m; path = "cordova-plugin-file-transfer/CDVFileTransfer.m"; sourceTree = "<group>"; };
		3837C389067F4E08880A4C7B /* CDVContact.m */ = {isa = PBXFileReference; explicitFileType = undefined; fileEncoding = 4; includeInIndex = 0; lastKnownFileType = sourcecode.c.objc; name = CDVContact.m; path = "cordova-plugin-contacts/CDVContact.m"; sourceTree = "<group>"; };
		3936ACEEBE8042FD880DDC9E /* CDVConnection.m */ = {isa = PBXFileReference; explicitFileType = undefined; fileEncoding = 4; includeInIndex = 0; lastKnownFileType = sourcecode.c.objc; name = CDVConnection.m; path = "cordova-plugin-network-information/CDVConnection.m"; sourceTree = "<group>"; };
		401EB7CEA14248DAB969B4BA /* CDVCamera.h */ = {isa = PBXFileReference; explicitFileType = undefined; fileEncoding = 4; includeInIndex = 0; lastKnownFileType = sourcecode.c.h; name = CDVCamera.h; path = "cordova-plugin-camera/CDVCamera.h"; sourceTree = "<group>"; };
		4245ECDD563E4515855D3D24 /* CDVCompass.m */ = {isa = PBXFileReference; explicitFileType = undefined; fileEncoding = 4; includeInIndex = 0; lastKnownFileType = sourcecode.c.objc; name = CDVCompass.m; path = "cordova-plugin-device-orientation/CDVCompass.m"; sourceTree = "<group>"; };
		478C9B1B8F9B4C7F9B0FDB76 /* CDVCapture.m */ = {isa = PBXFileReference; explicitFileType = undefined; fileEncoding = 4; includeInIndex = 0; lastKnownFileType = sourcecode.c.objc; name = CDVCapture.m; path = "cordova-plugin-media-capture/CDVCapture.m"; sourceTree = "<group>"; };
		4DBA6E6748D94F8789E194C3 /* CDVNotification.h */ = {isa = PBXFileReference; explicitFileType = undefined; fileEncoding = 4; includeInIndex = 0; lastKnownFileType = sourcecode.c.h; name = CDVNotification.h; path = "cordova-plugin-dialogs/CDVNotification.h"; sourceTree = "<group>"; };
		4E8F59769A6E49BA970D1640 /* CDVContacts.h */ = {isa = PBXFileReference; explicitFileType = undefined; fileEncoding = 4; includeInIndex = 0; lastKnownFileType = sourcecode.c.h; name = CDVContacts.h; path = "cordova-plugin-contacts/CDVContacts.h"; sourceTree = "<group>"; };
		543C2774A4204612AEF98BC3 /* CoreLocation.framework */ = {isa = PBXFileReference; explicitFileType = undefined; fileEncoding = 9; includeInIndex = 0; lastKnownFileType = wrapper.framework; name = CoreLocation.framework; path = System/Library/Frameworks/CoreLocation.framework; sourceTree = SDKROOT; };
		55988A8DEDAE46C383E366A4 /* AddressBookUI.framework */ = {isa = PBXFileReference; explicitFileType = undefined; fileEncoding = 9; includeInIndex = 0; lastKnownFileType = wrapper.framework; name = AddressBookUI.framework; path = System/Library/Frameworks/AddressBookUI.framework; sourceTree = SDKROOT; };
		5919AE09CE8746D7B200C991 /* CDVDevice.h */ = {isa = PBXFileReference; explicitFileType = undefined; fileEncoding = 4; includeInIndex = 0; lastKnownFileType = sourcecode.c.h; name = CDVDevice.h; path = "cordova-plugin-device/CDVDevice.h"; sourceTree = "<group>"; };
		5BB3DD4D6C434B6D972BB01C /* CDVBattery.h */ = {isa = PBXFileReference; explicitFileType = undefined; fileEncoding = 4; includeInIndex = 0; lastKnownFileType = sourcecode.c.h; name = CDVBattery.h; path = "cordova-plugin-battery-status/CDVBattery.h"; sourceTree = "<group>"; };
		630DEA78483946588728C8B6 /* CDVReachability.m */ = {isa = PBXFileReference; explicitFileType = undefined; fileEncoding = 4; includeInIndex = 0; lastKnownFileType = sourcecode.c.objc; name = CDVReachability.m; path = "cordova-plugin-network-information/CDVReachability.m"; sourceTree = "<group>"; };
		68379CDB97EF47EF8E00808E /* CDVSplashScreen.h */ = {isa = PBXFileReference; explicitFileType = undefined; fileEncoding = 4; includeInIndex = 0; lastKnownFileType = sourcecode.c.h; name = CDVSplashScreen.h; path = "cordova-plugin-splashscreen/CDVSplashScreen.h"; sourceTree = "<group>"; };
		7D9B96D38A434D56860B9A60 /* CDVVibration.h */ = {isa = PBXFileReference; explicitFileType = undefined; fileEncoding = 4; includeInIndex = 0; lastKnownFileType = sourcecode.c.h; name = CDVVibration.h; path = "cordova-plugin-vibration/CDVVibration.h"; sourceTree = "<group>"; };
		82F835605B334236B710F3D3 /* CDVCapture.h */ = {isa = PBXFileReference; explicitFileType = undefined; fileEncoding = 4; includeInIndex = 0; lastKnownFileType = sourcecode.c.h; name = CDVCapture.h; path = "cordova-plugin-media-capture/CDVCapture.h"; sourceTree = "<group>"; };
		8D1107310486CEB800E47090 /* Pedometer-Info.plist */ = {isa = PBXFileReference; fileEncoding = 4; lastKnownFileType = text.plist.xml; name = "Pedometer-Info.plist"; path = "Pedometer/Pedometer-Info.plist"; plistStructureDefinitionIdentifier = "com.apple.xcode.plist.structure-definition.iphone.info-plist"; sourceTree = SOURCE_ROOT; };
		8EDEA97BC8F44053BDA70C9E /* CDVDevice.m */ = {isa = PBXFileReference; explicitFileType = undefined; fileEncoding = 4; includeInIndex = 0; lastKnownFileType = sourcecode.c.objc; name = CDVDevice.m; path = "cordova-plugin-device/CDVDevice.m"; sourceTree = "<group>"; };
		91FC541EAC4A4DD7A1FE2993 /* CDVExif.h */ = {isa = PBXFileReference; explicitFileType = undefined; fileEncoding = 4; includeInIndex = 0; lastKnownFileType = sourcecode.c.h; name = CDVExif.h; path = "cordova-plugin-camera/CDVExif.h"; sourceTree = "<group>"; };
		93FAA9FE2EE347A7AAAF7267 /* CDVCompass.h */ = {isa = PBXFileReference; explicitFileType = undefined; fileEncoding = 4; includeInIndex = 0; lastKnownFileType = sourcecode.c.h; name = CDVCompass.h; path = "cordova-plugin-device-orientation/CDVCompass.h"; sourceTree = "<group>"; };
		94FD59D0936C4BDDB821D499 /* CDVAssetLibraryFilesystem.h */ = {isa = PBXFileReference; explicitFileType = undefined; fileEncoding = 4; includeInIndex = 0; lastKnownFileType = sourcecode.c.h; name = CDVAssetLibraryFilesystem.h; path = "cordova-plugin-file/CDVAssetLibraryFilesystem.h"; sourceTree = "<group>"; };
		9CB6D73034414E419009FCD4 /* CDVContact.h */ = {isa = PBXFileReference; explicitFileType = undefined; fileEncoding = 4; includeInIndex = 0; lastKnownFileType = sourcecode.c.h; name = CDVContact.h; path = "cordova-plugin-contacts/CDVContact.h"; sourceTree = "<group>"; };
		A38A4E3F7FDE43EAAE0C8805 /* CDVFile.m */ = {isa = PBXFileReference; explicitFileType = undefined; fileEncoding = 4; includeInIndex = 0; lastKnownFileType = sourcecode.c.objc; name = CDVFile.m; path = "cordova-plugin-file/CDVFile.m"; sourceTree = "<group>"; };
		A40A1A3DD3AB4D7CA764225F /* UIImage+CropScaleOrientation.h */ = {isa = PBXFileReference; explicitFileType = undefined; fileEncoding = 4; includeInIndex = 0; lastKnownFileType = sourcecode.c.h; name = "UIImage+CropScaleOrientation.h"; path = "cordova-plugin-camera/UIImage+CropScaleOrientation.h"; sourceTree = "<group>"; };
		A40C845FE3CD4A349577F931 /* CDVLocation.m */ = {isa = PBXFileReference; explicitFileType = undefined; fileEncoding = 4; includeInIndex = 0; lastKnownFileType = sourcecode.c.objc; name = CDVLocation.m; path = "cordova-plugin-geolocation/CDVLocation.m"; sourceTree = "<group>"; };
		A837E57EB75842598C37E996 /* CDVFile.h */ = {isa = PBXFileReference; explicitFileType = undefined; fileEncoding = 4; includeInIndex = 0; lastKnownFileType = sourcecode.c.h; name = CDVFile.h; path = "cordova-plugin-file/CDVFile.h"; sourceTree = "<group>"; };
		ACCEE005001C4B669A27681B /* CDVContacts.m */ = {isa = PBXFileReference; explicitFileType = undefined; fileEncoding = 4; includeInIndex = 0; lastKnownFileType = sourcecode.c.objc; name = CDVContacts.m; path = "cordova-plugin-contacts/CDVContacts.m"; sourceTree = "<group>"; };
		AED1B5B7838840AEA30D262B /* CDVAssetLibraryFilesystem.m */ = {isa = PBXFileReference; explicitFileType = undefined; fileEncoding = 4; includeInIndex = 0; lastKnownFileType = sourcecode.c.objc; name = CDVAssetLibraryFilesystem.m; path = "cordova-plugin-file/CDVAssetLibraryFilesystem.m"; sourceTree = "<group>"; };
		B239AC3754134A98982440BC /* CDVViewController+SplashScreen.h */ = {isa = PBXFileReference; explicitFileType = undefined; fileEncoding = 4; includeInIndex = 0; lastKnownFileType = sourcecode.c.h; name = "CDVViewController+SplashScreen.h"; path = "cordova-plugin-splashscreen/CDVViewController+SplashScreen.h"; sourceTree = "<group>"; };
		B3C12085E158466AA6ADC5F7 /* CDVVibration.m */ = {isa = PBXFileReference; explicitFileType = undefined; fileEncoding = 4; includeInIndex = 0; lastKnownFileType = sourcecode.c.objc; name = CDVVibration.m; path = "cordova-plugin-vibration/CDVVibration.m"; sourceTree = "<group>"; };
		B5AC49FC8D794712AC72AEDD /* CDVViewController+SplashScreen.m */ = {isa = PBXFileReference; explicitFileType = undefined; fileEncoding = 4; includeInIndex = 0; lastKnownFileType = sourcecode.c.objc; name = "CDVViewController+SplashScreen.m"; path = "cordova-plugin-splashscreen/CDVViewController+SplashScreen.m"; sourceTree = "<group>"; };
		BB9AB9D51E544E8ABE8A8A6F /* CDVStatusBar.m */ = {isa = PBXFileReference; explicitFileType = undefined; fileEncoding = 4; includeInIndex = 0; lastKnownFileType = sourcecode.c.objc; name = CDVStatusBar.m; path = "cordova-plugin-statusbar/CDVStatusBar.m"; sourceTree = "<group>"; };
		BC65BBF2B2B94F5DAC88C6EF /* CDVConnection.h */ = {isa = PBXFileReference; explicitFileType = undefined; fileEncoding = 4; includeInIndex = 0; lastKnownFileType = sourcecode.c.h; name = CDVConnection.h; path = "cordova-plugin-network-information/CDVConnection.h"; sourceTree = "<group>"; };
		BECEA5E7CC2240CAB607F166 /* CDVInAppBrowser.m */ = {isa = PBXFileReference; explicitFileType = undefined; fileEncoding = 4; includeInIndex = 0; lastKnownFileType = sourcecode.c.objc; name = CDVInAppBrowser.m; path = "cordova-plugin-inappbrowser/CDVInAppBrowser.m"; sourceTree = "<group>"; };
		C6549C85DFA14FF3B5D68099 /* CDVLocation.h */ = {isa = PBXFileReference; explicitFileType = undefined; fileEncoding = 4; includeInIndex = 0; lastKnownFileType = sourcecode.c.h; name = CDVLocation.h; path = "cordova-plugin-geolocation/CDVLocation.h"; sourceTree = "<group>"; };
		C9C60619F7FE43AB981025F9 /* CDVFileTransfer.h */ = {isa = PBXFileReference; explicitFileType = undefined; fileEncoding = 4; includeInIndex = 0; lastKnownFileType = sourcecode.c.h; name = CDVFileTransfer.h; path = "cordova-plugin-file-transfer/CDVFileTransfer.h"; sourceTree = "<group>"; };
		CB27091F2762403291080E05 /* CDVSound.h */ = {isa = PBXFileReference; explicitFileType = undefined; fileEncoding = 4; includeInIndex = 0; lastKnownFileType = sourcecode.c.h; name = CDVSound.h; path = "cordova-plugin-media/CDVSound.h"; sourceTree = "<group>"; };
		D1BAB47D8B5F4A98BA5E313A /* ImageIO.framework */ = {isa = PBXFileReference; explicitFileType = undefined; fileEncoding = 9; includeInIndex = 0; lastKnownFileType = wrapper.framework; name = ImageIO.framework; path = System/Library/Frameworks/ImageIO.framework; sourceTree = SDKROOT; };
		DA170F717E994F1490B0FF97 /* CDVBattery.m */ = {isa = PBXFileReference; explicitFileType = undefined; fileEncoding = 4; includeInIndex = 0; lastKnownFileType = sourcecode.c.objc; name = CDVBattery.m; path = "cordova-plugin-battery-status/CDVBattery.m"; sourceTree = "<group>"; };
		DEBB1494D8214B0890F35FFD /* UIImage+CropScaleOrientation.m */ = {isa = PBXFileReference; explicitFileType = undefined; fileEncoding = 4; includeInIndex = 0; lastKnownFileType = sourcecode.c.objc; name = "UIImage+CropScaleOrientation.m"; path = "cordova-plugin-camera/UIImage+CropScaleOrientation.m"; sourceTree = "<group>"; };
		DFB0CEB5B8584C8791580EAE /* CDVGlobalization.h */ = {isa = PBXFileReference; explicitFileType = undefined; fileEncoding = 4; includeInIndex = 0; lastKnownFileType = sourcecode.c.h; name = CDVGlobalization.h; path = "cordova-plugin-globalization/CDVGlobalization.h"; sourceTree = "<group>"; };
		DFD4BA5B1B214E7EA9C543B5 /* SystemConfiguration.framework */ = {isa = PBXFileReference; explicitFileType = undefined; fileEncoding = 9; includeInIndex = 0; lastKnownFileType = wrapper.framework; name = SystemConfiguration.framework; path = System/Library/Frameworks/SystemConfiguration.framework; sourceTree = SDKROOT; };
		E95B615BB5B942BDB33DA0DB /* CoreTelephony.framework */ = {isa = PBXFileReference; explicitFileType = undefined; fileEncoding = 9; includeInIndex = 0; lastKnownFileType = wrapper.framework; name = CoreTelephony.framework; path = System/Library/Frameworks/CoreTelephony.framework; sourceTree = SDKROOT; };
		EB87FDF31871DA8E0020F90C /* www */ = {isa = PBXFileReference; lastKnownFileType = folder; name = www; path = ../../www; sourceTree = "<group>"; };
		EB87FDF41871DAF40020F90C /* config.xml */ = {isa = PBXFileReference; lastKnownFileType = text.xml; name = config.xml; path = ../../config.xml; sourceTree = "<group>"; };
		ED33DF2A687741AEAF9F8254 /* Bridging-Header.h */ = {isa = PBXFileReference; fileEncoding = 4; lastKnownFileType = sourcecode.c.h; path = "Bridging-Header.h"; sourceTree = "<group>"; };
		EF2AA87723B343BC9641345D /* CDVNotification.m */ = {isa = PBXFileReference; explicitFileType = undefined; fileEncoding = 4; includeInIndex = 0; lastKnownFileType = sourcecode.c.objc; name = CDVNotification.m; path = "cordova-plugin-dialogs/CDVNotification.m"; sourceTree = "<group>"; };
		F1EC1AE36FB04A45848027BC /* CDVReachability.h */ = {isa = PBXFileReference; explicitFileType = undefined; fileEncoding = 4; includeInIndex = 0; lastKnownFileType = sourcecode.c.h; name = CDVReachability.h; path = "cordova-plugin-network-information/CDVReachability.h"; sourceTree = "<group>"; };
		F3CDD95B0A1A4E72BB0AA1EA /* CDVCamera.m */ = {isa = PBXFileReference; explicitFileType = undefined; fileEncoding = 4; includeInIndex = 0; lastKnownFileType = sourcecode.c.objc; name = CDVCamera.m; path = "cordova-plugin-camera/CDVCamera.m"; sourceTree = "<group>"; };
		F41064478A4A48D88310E862 /* CoreMotion.framework */ = {isa = PBXFileReference; explicitFileType = undefined; fileEncoding = 9; includeInIndex = 0; lastKnownFileType = wrapper.framework; name = CoreMotion.framework; path = System/Library/Frameworks/CoreMotion.framework; sourceTree = SDKROOT; };
		F840E1F0165FE0F500CFE078 /* config.xml */ = {isa = PBXFileReference; lastKnownFileType = text.xml; name = config.xml; path = Pedometer/config.xml; sourceTree = "<group>"; };
		F88B9F7B0AE8487F9757F368 /* CDVNotification.bundle */ = {isa = PBXFileReference; explicitFileType = undefined; fileEncoding = 9; includeInIndex = 0; lastKnownFileType = "wrapper.plug-in"; path = CDVNotification.bundle; sourceTree = "<group>"; };
		F967C77BA31348A38F91B9D1 /* CDVJpegHeaderWriter.m */ = {isa = PBXFileReference; explicitFileType = undefined; fileEncoding = 4; includeInIndex = 0; lastKnownFileType = sourcecode.c.objc; name = CDVJpegHeaderWriter.m; path = "cordova-plugin-camera/CDVJpegHeaderWriter.m"; sourceTree = "<group>"; };
		59C17CBC20154BF5B839415F /* Pedometer.m */ = {isa = PBXFileReference; name = "Pedometer.m"; path = "cordova-plugin-pedometer/Pedometer.m"; sourceTree = "<group>"; fileEncoding = 4; lastKnownFileType = sourcecode.c.objc; explicitFileType = undefined; includeInIndex = 0; };
		7A05D1361EE2464CA8B4FED7 /* Pedometer.h */ = {isa = PBXFileReference; name = "Pedometer.h"; path = "cordova-plugin-pedometer/Pedometer.h"; sourceTree = "<group>"; fileEncoding = 4; lastKnownFileType = sourcecode.c.h; explicitFileType = undefined; includeInIndex = 0; };
		19D0CB4726274BFCAE56D95D /* CDVAccelerometer.m */ = {isa = PBXFileReference; name = "CDVAccelerometer.m"; path = "cordova-plugin-device-motion/CDVAccelerometer.m"; sourceTree = "<group>"; fileEncoding = 4; lastKnownFileType = sourcecode.c.objc; explicitFileType = undefined; includeInIndex = 0; };
		780EC4F5CC5E448F996977DF /* CDVAccelerometer.h */ = {isa = PBXFileReference; name = "CDVAccelerometer.h"; path = "cordova-plugin-device-motion/CDVAccelerometer.h"; sourceTree = "<group>"; fileEncoding = 4; lastKnownFileType = sourcecode.c.h; explicitFileType = undefined; includeInIndex = 0; };
		40309425D6C847EFB8199EFC /* CDVLogger.m */ = {isa = PBXFileReference; name = "CDVLogger.m"; path = "cordova-plugin-console/CDVLogger.m"; sourceTree = "<group>"; fileEncoding = 4; lastKnownFileType = sourcecode.c.objc; explicitFileType = undefined; includeInIndex = 0; };
		A468701B56C9497F8BADD288 /* CDVLogger.h */ = {isa = PBXFileReference; name = "CDVLogger.h"; path = "cordova-plugin-console/CDVLogger.h"; sourceTree = "<group>"; fileEncoding = 4; lastKnownFileType = sourcecode.c.h; explicitFileType = undefined; includeInIndex = 0; };
/* End PBXFileReference section */

/* Begin PBXFrameworksBuildPhase section */
		1D60588F0D05DD3D006BFB54 /* Frameworks */ = {
			isa = PBXFrameworksBuildPhase;
			buildActionMask = 2147483647;
			files = (
				301BF552109A68D80062928A /* libCordova.a in Frameworks */,
				AE40D8C795CC41B0B4502A3E /* ImageIO.framework in Frameworks */,
				EA0FD64A29C148A9BC39494B /* CoreLocation.framework in Frameworks */,
				11F07A3795E84B618628CD9D /* AVFoundation.framework in Frameworks */,
				FE2B27F5AC1640F18D31DD73 /* AddressBook.framework in Frameworks */,
				73C62B35943B4438B8053FA1 /* AddressBookUI.framework in Frameworks */,
				A2E8F290073A4084910A8EA2 /* CoreMotion.framework in Frameworks */,
				400505076F6F437AA6358C05 /* AudioToolbox.framework in Frameworks */,
				EACAE2FFB9264D91B50328BC /* SystemConfiguration.framework in Frameworks */,
				E76EDB9545BF45D29558DC35 /* CoreTelephony.framework in Frameworks */,
			);
			runOnlyForDeploymentPostprocessing = 0;
		};
/* End PBXFrameworksBuildPhase section */

/* Begin PBXGroup section */
		080E96DDFE201D6D7F000001 /* Classes */ = {
			isa = PBXGroup;
			children = (
				302D95EE14D2391D003F00A1 /* MainViewController.h */,
				302D95EF14D2391D003F00A1 /* MainViewController.m */,
				302D95F014D2391D003F00A1 /* MainViewController.xib */,
				1D3623240D0F684500981E51 /* AppDelegate.h */,
				1D3623250D0F684500981E51 /* AppDelegate.m */,
			);
			name = Classes;
			path = Pedometer/Classes;
			sourceTree = SOURCE_ROOT;
		};
		19C28FACFE9D520D11CA2CBB /* Products */ = {
			isa = PBXGroup;
			children = (
				1D6058910D05DD3D006BFB54 /* Pedometer.app */,
			);
			name = Products;
			sourceTree = "<group>";
		};
		29B97314FDCFA39411CA2CEA /* CustomTemplate */ = {
			isa = PBXGroup;
			children = (
				EB87FDF41871DAF40020F90C /* config.xml */,
				EB87FDF31871DA8E0020F90C /* www */,
				EB87FDF11871DA420020F90C /* Staging */,
				301BF52D109A57CC0062928A /* CordovaLib.xcodeproj */,
				080E96DDFE201D6D7F000001 /* Classes */,
				307C750510C5A3420062BCA9 /* Plugins */,
				29B97315FDCFA39411CA2CEA /* Other Sources */,
				29B97317FDCFA39411CA2CEA /* Resources */,
				29B97323FDCFA39411CA2CEA /* Frameworks */,
				19C28FACFE9D520D11CA2CBB /* Products */,
			);
			name = CustomTemplate;
			sourceTree = "<group>";
		};
		29B97315FDCFA39411CA2CEA /* Other Sources */ = {
			isa = PBXGroup;
			children = (
				32CA4F630368D1EE00C91783 /* Pedometer-Prefix.pch */,
				29B97316FDCFA39411CA2CEA /* main.m */,
				ED33DF2A687741AEAF9F8254 /* Bridging-Header.h */,
			);
			name = "Other Sources";
			path = Pedometer;
			sourceTree = "<group>";
		};
		29B97317FDCFA39411CA2CEA /* Resources */ = {
			isa = PBXGroup;
			children = (
				0207DA571B56EA530066E2B4 /* Images.xcassets */,
				3047A50E1AB8057F00498E2A /* config */,
				8D1107310486CEB800E47090 /* Pedometer-Info.plist */,
				F88B9F7B0AE8487F9757F368 /* CDVNotification.bundle */,
				045BC80DE5D7450BB1896398 /* CDVCapture.bundle */,
			);
			name = Resources;
			path = Pedometer/Resources;
			sourceTree = "<group>";
		};
		29B97323FDCFA39411CA2CEA /* Frameworks */ = {
			isa = PBXGroup;
			children = (
				D1BAB47D8B5F4A98BA5E313A /* ImageIO.framework */,
				543C2774A4204612AEF98BC3 /* CoreLocation.framework */,
				0A1DD559F28F429EA5070503 /* AVFoundation.framework */,
				08E7DA6439694578A097B1D1 /* AddressBook.framework */,
				55988A8DEDAE46C383E366A4 /* AddressBookUI.framework */,
				F41064478A4A48D88310E862 /* CoreMotion.framework */,
				278DCC4DFDA547949924FF1E /* AudioToolbox.framework */,
				DFD4BA5B1B214E7EA9C543B5 /* SystemConfiguration.framework */,
				E95B615BB5B942BDB33DA0DB /* CoreTelephony.framework */,
			);
			name = Frameworks;
			sourceTree = "<group>";
		};
		301BF52E109A57CC0062928A /* Products */ = {
			isa = PBXGroup;
			children = (
				301BF535109A57CC0062928A /* libCordova.a */,
			);
			name = Products;
			sourceTree = "<group>";
		};
		3047A50E1AB8057F00498E2A /* config */ = {
			isa = PBXGroup;
			children = (
				3047A50F1AB8059700498E2A /* build-debug.xcconfig */,
				3047A5101AB8059700498E2A /* build-release.xcconfig */,
				3047A5111AB8059700498E2A /* build.xcconfig */,
			);
			name = config;
			sourceTree = "<group>";
		};
		307C750510C5A3420062BCA9 /* Plugins */ = {
			isa = PBXGroup;
			children = (
				DA170F717E994F1490B0FF97 /* CDVBattery.m */,
				5BB3DD4D6C434B6D972BB01C /* CDVBattery.h */,
				DEBB1494D8214B0890F35FFD /* UIImage+CropScaleOrientation.m */,
				F3CDD95B0A1A4E72BB0AA1EA /* CDVCamera.m */,
				F967C77BA31348A38F91B9D1 /* CDVJpegHeaderWriter.m */,
				A40A1A3DD3AB4D7CA764225F /* UIImage+CropScaleOrientation.h */,
				401EB7CEA14248DAB969B4BA /* CDVCamera.h */,
				03723FD02E9D435AB4F2499C /* CDVJpegHeaderWriter.h */,
				91FC541EAC4A4DD7A1FE2993 /* CDVExif.h */,
				ACCEE005001C4B669A27681B /* CDVContacts.m */,
				3837C389067F4E08880A4C7B /* CDVContact.m */,
				4E8F59769A6E49BA970D1640 /* CDVContacts.h */,
				9CB6D73034414E419009FCD4 /* CDVContact.h */,
				8EDEA97BC8F44053BDA70C9E /* CDVDevice.m */,
				5919AE09CE8746D7B200C991 /* CDVDevice.h */,
				4245ECDD563E4515855D3D24 /* CDVCompass.m */,
				93FAA9FE2EE347A7AAAF7267 /* CDVCompass.h */,
				EF2AA87723B343BC9641345D /* CDVNotification.m */,
				4DBA6E6748D94F8789E194C3 /* CDVNotification.h */,
				A38A4E3F7FDE43EAAE0C8805 /* CDVFile.m */,
				1758172F6AEE489FA56DB367 /* CDVLocalFilesystem.m */,
				AED1B5B7838840AEA30D262B /* CDVAssetLibraryFilesystem.m */,
				A837E57EB75842598C37E996 /* CDVFile.h */,
				212DF42BA8A7435197D323E0 /* CDVLocalFilesystem.h */,
				94FD59D0936C4BDDB821D499 /* CDVAssetLibraryFilesystem.h */,
				36FD5B0F6FDE41978B3D4A5B /* CDVFileTransfer.m */,
				C9C60619F7FE43AB981025F9 /* CDVFileTransfer.h */,
				A40C845FE3CD4A349577F931 /* CDVLocation.m */,
				C6549C85DFA14FF3B5D68099 /* CDVLocation.h */,
				0DC1C44FD5364DA294A9781D /* CDVGlobalization.m */,
				DFB0CEB5B8584C8791580EAE /* CDVGlobalization.h */,
				BECEA5E7CC2240CAB607F166 /* CDVInAppBrowser.m */,
				310BE5ED715B486E9430C156 /* CDVInAppBrowser.h */,
				35C5C42D54BB4876837CB85A /* CDVSound.m */,
				CB27091F2762403291080E05 /* CDVSound.h */,
				478C9B1B8F9B4C7F9B0FDB76 /* CDVCapture.m */,
				82F835605B334236B710F3D3 /* CDVCapture.h */,
				3936ACEEBE8042FD880DDC9E /* CDVConnection.m */,
				630DEA78483946588728C8B6 /* CDVReachability.m */,
				BC65BBF2B2B94F5DAC88C6EF /* CDVConnection.h */,
				F1EC1AE36FB04A45848027BC /* CDVReachability.h */,
				0B46FBB438614162AE10800D /* CDVSplashScreen.m */,
				B5AC49FC8D794712AC72AEDD /* CDVViewController+SplashScreen.m */,
				68379CDB97EF47EF8E00808E /* CDVSplashScreen.h */,
				B239AC3754134A98982440BC /* CDVViewController+SplashScreen.h */,
				BB9AB9D51E544E8ABE8A8A6F /* CDVStatusBar.m */,
				19EE9691E1C447028BE92FD3 /* CDVStatusBar.h */,
				B3C12085E158466AA6ADC5F7 /* CDVVibration.m */,
				7D9B96D38A434D56860B9A60 /* CDVVibration.h */,
				59C17CBC20154BF5B839415F /* Pedometer.m */,
				7A05D1361EE2464CA8B4FED7 /* Pedometer.h */,
				19D0CB4726274BFCAE56D95D /* CDVAccelerometer.m */,
				780EC4F5CC5E448F996977DF /* CDVAccelerometer.h */,
				40309425D6C847EFB8199EFC /* CDVLogger.m */,
				A468701B56C9497F8BADD288 /* CDVLogger.h */,
			);
			name = Plugins;
			path = Pedometer/Plugins;
			sourceTree = SOURCE_ROOT;
		};
		EB87FDF11871DA420020F90C /* Staging */ = {
			isa = PBXGroup;
			children = (
				F840E1F0165FE0F500CFE078 /* config.xml */,
				301BF56E109A69640062928A /* www */,
			);
			name = Staging;
			sourceTree = "<group>";
		};
/* End PBXGroup section */

/* Begin PBXNativeTarget section */
		1D6058900D05DD3D006BFB54 /* Pedometer */ = {
			isa = PBXNativeTarget;
			buildConfigurationList = 1D6058960D05DD3E006BFB54 /* Build configuration list for PBXNativeTarget "Pedometer" */;
			buildPhases = (
				304B58A110DAC018002A0835 /* Copy www directory */,
				1D60588D0D05DD3D006BFB54 /* Resources */,
				1D60588E0D05DD3D006BFB54 /* Sources */,
				1D60588F0D05DD3D006BFB54 /* Frameworks */,
			);
			buildRules = (
			);
			dependencies = (
				301BF551109A68C00062928A /* PBXTargetDependency */,
			);
			name = Pedometer;
			productName = Pedometer;
			productReference = 1D6058910D05DD3D006BFB54 /* Pedometer.app */;
			productType = "com.apple.product-type.application";
		};
/* End PBXNativeTarget section */

/* Begin PBXProject section */
		29B97313FDCFA39411CA2CEA /* Project object */ = {
			isa = PBXProject;
			attributes = {
				LastUpgradeCheck = 510;
				TargetAttributes = {
					1D6058900D05DD3D006BFB54 = {
						DevelopmentTeam = FX53CJSYTB;
					};
				};
			};
			buildConfigurationList = C01FCF4E08A954540054247B /* Build configuration list for PBXProject "Pedometer" */;
			compatibilityVersion = "Xcode 3.2";
			developmentRegion = English;
			hasScannedForEncodings = 1;
			knownRegions = (
				en,
			);
			mainGroup = 29B97314FDCFA39411CA2CEA /* CustomTemplate */;
			projectDirPath = "";
			projectReferences = (
				{
					ProductGroup = 301BF52E109A57CC0062928A /* Products */;
					ProjectRef = 301BF52D109A57CC0062928A /* CordovaLib.xcodeproj */;
				},
			);
			projectRoot = "";
			targets = (
				1D6058900D05DD3D006BFB54 /* Pedometer */,
			);
		};
/* End PBXProject section */

/* Begin PBXReferenceProxy section */
		301BF535109A57CC0062928A /* libCordova.a */ = {
			isa = PBXReferenceProxy;
			fileType = archive.ar;
			path = libCordova.a;
			remoteRef = 301BF534109A57CC0062928A /* PBXContainerItemProxy */;
			sourceTree = BUILT_PRODUCTS_DIR;
		};
/* End PBXReferenceProxy section */

/* Begin PBXResourcesBuildPhase section */
		1D60588D0D05DD3D006BFB54 /* Resources */ = {
			isa = PBXResourcesBuildPhase;
			buildActionMask = 2147483647;
			files = (
				302D95F214D2391D003F00A1 /* MainViewController.xib in Resources */,
				3047A5131AB8059700498E2A /* build-release.xcconfig in Resources */,
				3047A5141AB8059700498E2A /* build.xcconfig in Resources */,
				0207DA581B56EA530066E2B4 /* Images.xcassets in Resources */,
				3047A5121AB8059700498E2A /* build-debug.xcconfig in Resources */,
				8AB4BB35939C4C658C7ED7FA /* CDVNotification.bundle in Resources */,
				48DE8FCAA452462D89AB802C /* CDVCapture.bundle in Resources */,
			);
			runOnlyForDeploymentPostprocessing = 0;
		};
/* End PBXResourcesBuildPhase section */

/* Begin PBXShellScriptBuildPhase section */
		304B58A110DAC018002A0835 /* Copy www directory */ = {
			isa = PBXShellScriptBuildPhase;
			buildActionMask = 2147483647;
			files = (
			);
			inputPaths = (
			);
			name = "Copy www directory";
			outputPaths = (
			);
			runOnlyForDeploymentPostprocessing = 0;
			shellPath = /bin/sh;
			shellScript = "NODEJS_PATH=/usr/local/bin; NVM_NODE_PATH=~/.nvm/versions/node/`nvm version 2>/dev/null`/bin; N_NODE_PATH=`find /usr/local/n/versions/node/* -maxdepth 0 -type d 2>/dev/null | tail -1`/bin; XCODE_NODE_PATH=`xcode-select --print-path`/usr/share/xcs/Node/bin; PATH=$NODEJS_PATH:$NVM_NODE_PATH:$N_NODE_PATH:$XCODE_NODE_PATH:$PATH && node cordova/lib/copy-www-build-step.js";
			showEnvVarsInLog = 0;
		};
/* End PBXShellScriptBuildPhase section */

/* Begin PBXSourcesBuildPhase section */
		1D60588E0D05DD3D006BFB54 /* Sources */ = {
			isa = PBXSourcesBuildPhase;
			buildActionMask = 2147483647;
			files = (
				1D60589B0D05DD56006BFB54 /* main.m in Sources */,
				1D3623260D0F684500981E51 /* AppDelegate.m in Sources */,
				302D95F114D2391D003F00A1 /* MainViewController.m in Sources */,
				139B29E770CF4790A3A5023B /* CDVBattery.m in Sources */,
				E51EF61D3E2349F29B74A02D /* UIImage+CropScaleOrientation.m in Sources */,
				580DBC5B1F164CF99811D620 /* CDVCamera.m in Sources */,
				76371581480C4E118CF53FE9 /* CDVJpegHeaderWriter.m in Sources */,
				9EE5B60DC1AA40C5B7C61A81 /* CDVContacts.m in Sources */,
				7E109655EAD7498491342041 /* CDVContact.m in Sources */,
				8D9A5F283DFE4935A51C8185 /* CDVDevice.m in Sources */,
				025905E3321C4CF8AA00C88D /* CDVCompass.m in Sources */,
				C76E72E13DE541D69CF6A8AE /* CDVNotification.m in Sources */,
				DC48AAC6F27A41E68013306F /* CDVFile.m in Sources */,
				C754B270EF434B9A80EE3E5B /* CDVLocalFilesystem.m in Sources */,
				D4F66CC6CF734D75A6346568 /* CDVAssetLibraryFilesystem.m in Sources */,
				18A13808FD4A41DDB7813F14 /* CDVFileTransfer.m in Sources */,
				EC56B9FCBCB24010BB87ED44 /* CDVLocation.m in Sources */,
				9E711C3E6F30452A80A6D4E6 /* CDVGlobalization.m in Sources */,
				4FC8EEA399184101857C9F2B /* CDVInAppBrowser.m in Sources */,
				97B643698E9F43EFB5647775 /* CDVSound.m in Sources */,
				CEA57CC0677E48B5A68C22E3 /* CDVCapture.m in Sources */,
				19AE134217234BBCBDD93E86 /* CDVConnection.m in Sources */,
				4D94E0F057E94C5DBDF1DD47 /* CDVReachability.m in Sources */,
				55A8EA68BF884F1F961EFBFE /* CDVSplashScreen.m in Sources */,
				D59DDF0E362847D18A7F3E92 /* CDVViewController+SplashScreen.m in Sources */,
				6F4BC02F7ADE49FD9174885E /* CDVStatusBar.m in Sources */,
				50C5AEFA2D984E6CB88574A8 /* CDVVibration.m in Sources */,
				75E0F981CB954120958BDE31 /* Pedometer.m in Sources */,
				89120EE0713D4BC09921FEC2 /* CDVAccelerometer.m in Sources */,
				71B603FAA0294436BE782122 /* CDVLogger.m in Sources */,
			);
			runOnlyForDeploymentPostprocessing = 0;
		};
/* End PBXSourcesBuildPhase section */

/* Begin PBXTargetDependency section */
		301BF551109A68C00062928A /* PBXTargetDependency */ = {
			isa = PBXTargetDependency;
			name = CordovaLib;
			targetProxy = 301BF550109A68C00062928A /* PBXContainerItemProxy */;
		};
/* End PBXTargetDependency section */

/* Begin XCBuildConfiguration section */
		1D6058940D05DD3E006BFB54 /* Debug */ = {
			isa = XCBuildConfiguration;
			baseConfigurationReference = 3047A50F1AB8059700498E2A /* build-debug.xcconfig */;
			buildSettings = {
				ALWAYS_SEARCH_USER_PATHS = NO;
				ASSETCATALOG_COMPILER_APPICON_NAME = AppIcon;
				ASSETCATALOG_COMPILER_LAUNCHIMAGE_NAME = LaunchImage;
				CLANG_ENABLE_MODULES = YES;
				CLANG_ENABLE_OBJC_ARC = YES;
				CODE_SIGN_IDENTITY = "iPhone Developer";
				"CODE_SIGN_IDENTITY[sdk=iphoneos*]" = "iPhone Developer";
				COPY_PHASE_STRIP = NO;
				GCC_DYNAMIC_NO_PIC = NO;
				GCC_OPTIMIZATION_LEVEL = 0;
				GCC_PRECOMPILE_PREFIX_HEADER = YES;
				GCC_PREFIX_HEADER = "Pedometer/Pedometer-Prefix.pch";
				GCC_THUMB_SUPPORT = NO;
				GCC_VERSION = "";
				INFOPLIST_FILE = "Pedometer/Pedometer-Info.plist";
				IPHONEOS_DEPLOYMENT_TARGET = 9.3;
				LD_RUNPATH_SEARCH_PATHS = "@executable_path/Frameworks";
				PRODUCT_BUNDLE_IDENTIFIER = edu.fontys.sm.testiugyighhgjhy;
				PRODUCT_NAME = "Pedometer";
				PROVISIONING_PROFILE = "";
				TARGETED_DEVICE_FAMILY = 1;
			};
			name = Debug;
		};
		1D6058950D05DD3E006BFB54 /* Release */ = {
			isa = XCBuildConfiguration;
			baseConfigurationReference = 3047A5101AB8059700498E2A /* build-release.xcconfig */;
			buildSettings = {
				ALWAYS_SEARCH_USER_PATHS = NO;
				ASSETCATALOG_COMPILER_APPICON_NAME = AppIcon;
				ASSETCATALOG_COMPILER_LAUNCHIMAGE_NAME = LaunchImage;
				CLANG_ENABLE_MODULES = YES;
				CLANG_ENABLE_OBJC_ARC = YES;
				CODE_SIGN_IDENTITY = "iPhone Developer";
				"CODE_SIGN_IDENTITY[sdk=iphoneos*]" = "iPhone Developer";
				COPY_PHASE_STRIP = YES;
				GCC_PRECOMPILE_PREFIX_HEADER = YES;
				GCC_PREFIX_HEADER = "Pedometer/Pedometer-Prefix.pch";
				GCC_THUMB_SUPPORT = NO;
				GCC_VERSION = "";
				INFOPLIST_FILE = "Pedometer/Pedometer-Info.plist";
				IPHONEOS_DEPLOYMENT_TARGET = 9.3;
				PRODUCT_BUNDLE_IDENTIFIER = edu.fontys.sm.testiugyighhgjhy;
				PRODUCT_NAME = "Pedometer";
				PROVISIONING_PROFILE = "";
				TARGETED_DEVICE_FAMILY = 1;
			};
			name = Release;
		};
		C01FCF4F08A954540054247B /* Debug */ = {
			isa = XCBuildConfiguration;
			baseConfigurationReference = 3047A5111AB8059700498E2A /* build.xcconfig */;
			buildSettings = {
				CLANG_ENABLE_MODULES = YES;
				CLANG_ENABLE_OBJC_ARC = YES;
				CLANG_WARN_BOOL_CONVERSION = YES;
				CLANG_WARN_CONSTANT_CONVERSION = YES;
				CLANG_WARN_EMPTY_BODY = YES;
				CLANG_WARN_ENUM_CONVERSION = YES;
				CLANG_WARN_INT_CONVERSION = YES;
				CLANG_WARN__DUPLICATE_METHOD_MATCH = YES;
				GCC_C_LANGUAGE_STANDARD = c99;
				GCC_THUMB_SUPPORT = NO;
				GCC_VERSION = "";
				GCC_WARN_ABOUT_RETURN_TYPE = YES;
				GCC_WARN_UNDECLARED_SELECTOR = YES;
				GCC_WARN_UNINITIALIZED_AUTOS = YES;
				GCC_WARN_UNUSED_FUNCTION = YES;
				GCC_WARN_UNUSED_VARIABLE = YES;
				ONLY_ACTIVE_ARCH = YES;
				SDKROOT = iphoneos;
				SKIP_INSTALL = NO;
				PRODUCT_NAME = "Pedometer";
			};
			name = Debug;
		};
		C01FCF5008A954540054247B /* Release */ = {
			isa = XCBuildConfiguration;
			baseConfigurationReference = 3047A5111AB8059700498E2A /* build.xcconfig */;
			buildSettings = {
				CLANG_ENABLE_MODULES = YES;
				CLANG_ENABLE_OBJC_ARC = YES;
				CLANG_WARN_BOOL_CONVERSION = YES;
				CLANG_WARN_CONSTANT_CONVERSION = YES;
				CLANG_WARN_EMPTY_BODY = YES;
				CLANG_WARN_ENUM_CONVERSION = YES;
				CLANG_WARN_INT_CONVERSION = YES;
				CLANG_WARN__DUPLICATE_METHOD_MATCH = YES;
				GCC_C_LANGUAGE_STANDARD = c99;
				GCC_THUMB_SUPPORT = NO;
				GCC_VERSION = "";
				GCC_WARN_ABOUT_RETURN_TYPE = YES;
				GCC_WARN_UNDECLARED_SELECTOR = YES;
				GCC_WARN_UNINITIALIZED_AUTOS = YES;
				GCC_WARN_UNUSED_FUNCTION = YES;
				GCC_WARN_UNUSED_VARIABLE = YES;
				SDKROOT = iphoneos;
				SKIP_INSTALL = NO;
				PRODUCT_NAME = "Pedometer";
			};
			name = Release;
		};
/* End XCBuildConfiguration section */

/* Begin XCConfigurationList section */
		1D6058960D05DD3E006BFB54 /* Build configuration list for PBXNativeTarget "Pedometer" */ = {
			isa = XCConfigurationList;
			buildConfigurations = (
				1D6058940D05DD3E006BFB54 /* Debug */,
				1D6058950D05DD3E006BFB54 /* Release */,
			);
			defaultConfigurationIsVisible = 0;
			defaultConfigurationName = Release;
		};
		C01FCF4E08A954540054247B /* Build configuration list for PBXProject "Pedometer" */ = {
			isa = XCConfigurationList;
			buildConfigurations = (
				C01FCF4F08A954540054247B /* Debug */,
				C01FCF5008A954540054247B /* Release */,
			);
			defaultConfigurationIsVisible = 0;
			defaultConfigurationName = Release;
		};
/* End XCConfigurationList section */
	};
	rootObject = 29B97313FDCFA39411CA2CEA /* Project object */;
}
