// !$*UTF8*$!
{
	archiveVersion = 1;
	classes = {
	};
	objectVersion = 46;
	objects = {
/* Begin PBXBuildFile section */
		00EB65992F4841DCA5E5F0F0 /* CDVCompass.m in Sources */ = {isa = PBXBuildFile; fileRef = D6A1BE420C204878A2312BF3 /* CDVCompass.m */; };
		011323A9F1CF47F0A5B7AE8B /* CoreTelephony.framework in Frameworks */ = {isa = PBXBuildFile; fileRef = 2A538397C9C04AFDA228519C /* CoreTelephony.framework */; };
		0207DA581B56EA530066E2B4 /* Images.xcassets in Resources */ = {isa = PBXBuildFile; fileRef = 0207DA571B56EA530066E2B4 /* Images.xcassets */; };
		06D296CE45964200B3A0290E /* CDVFile.m in Sources */ = {isa = PBXBuildFile; fileRef = E897C2BB106D445D8CCA178C /* CDVFile.m */; };
		11788A28A59B424A9479A9B3 /* HealthKit.m in Sources */ = {isa = PBXBuildFile; fileRef = 04B158B0B53E47378D3365C7 /* HealthKit.m */; };
		147A1BCE91F04C07A31F0E3C /* CDVReachability.m in Sources */ = {isa = PBXBuildFile; fileRef = 1A05208D5F5540BA82C7982B /* CDVReachability.m */; };
		1806EBB8AD444957BF37BABA /* AddressBook.framework in Frameworks */ = {isa = PBXBuildFile; fileRef = 09705098D45140B4A5133E55 /* AddressBook.framework */; settings = {ATTRIBUTES = (Weak, ); }; };
		1D3623260D0F684500981E51 /* AppDelegate.m in Sources */ = {isa = PBXBuildFile; fileRef = 1D3623250D0F684500981E51 /* AppDelegate.m */; };
		1D60589B0D05DD56006BFB54 /* main.m in Sources */ = {isa = PBXBuildFile; fileRef = 29B97316FDCFA39411CA2CEA /* main.m */; };
		27D5FF9597F74A028BE422B8 /* AddressBookUI.framework in Frameworks */ = {isa = PBXBuildFile; fileRef = 3158A4578E6748ED950FFD9D /* AddressBookUI.framework */; settings = {ATTRIBUTES = (Weak, ); }; };
		27FD26A775F845D0B02713E8 /* CDVLocation.m in Sources */ = {isa = PBXBuildFile; fileRef = 6823AC54BCEA4BE3BD041ED7 /* CDVLocation.m */; };
		28348C96E777460E9E16E17B /* CDVCamera.m in Sources */ = {isa = PBXBuildFile; fileRef = 8DF0A6E8D1724004B6C00DD0 /* CDVCamera.m */; };
		301BF552109A68D80062928A /* libCordova.a in Frameworks */ = {isa = PBXBuildFile; fileRef = 301BF535109A57CC0062928A /* libCordova.a */; };
		302D95F114D2391D003F00A1 /* MainViewController.m in Sources */ = {isa = PBXBuildFile; fileRef = 302D95EF14D2391D003F00A1 /* MainViewController.m */; };
		302D95F214D2391D003F00A1 /* MainViewController.xib in Resources */ = {isa = PBXBuildFile; fileRef = 302D95F014D2391D003F00A1 /* MainViewController.xib */; };
		3047A5121AB8059700498E2A /* build-debug.xcconfig in Resources */ = {isa = PBXBuildFile; fileRef = 3047A50F1AB8059700498E2A /* build-debug.xcconfig */; };
		3047A5131AB8059700498E2A /* build-release.xcconfig in Resources */ = {isa = PBXBuildFile; fileRef = 3047A5101AB8059700498E2A /* build-release.xcconfig */; };
		3047A5141AB8059700498E2A /* build.xcconfig in Resources */ = {isa = PBXBuildFile; fileRef = 3047A5111AB8059700498E2A /* build.xcconfig */; };
		3760954177D34610A6975AB3 /* HealthKit.framework in Frameworks */ = {isa = PBXBuildFile; fileRef = ABA849DAFD794C34B5F678F4 /* HealthKit.framework */; settings = {ATTRIBUTES = (Weak, ); }; };
		4E0B1E740F8846A195742025 /* CDVSound.m in Sources */ = {isa = PBXBuildFile; fileRef = 4E3B638C72CE4F91860EFB56 /* CDVSound.m */; };
		6C1A23A1E36949EB9A9E64E4 /* CDVGlobalization.m in Sources */ = {isa = PBXBuildFile; fileRef = 9A09ECBAB6E349469A92FB08 /* CDVGlobalization.m */; };
		6CD4CC76CE1543EB9ACF142E /* CDVAssetLibraryFilesystem.m in Sources */ = {isa = PBXBuildFile; fileRef = E260FF75F5DA4AEE930070B2 /* CDVAssetLibraryFilesystem.m */; };
		6F39CE98B7924F75961C2409 /* SystemConfiguration.framework in Frameworks */ = {isa = PBXBuildFile; fileRef = B06563A1458E4056A61DFBB8 /* SystemConfiguration.framework */; settings = {ATTRIBUTES = (Weak, ); }; };
		759EF92758434345B262CABB /* CoreLocation.framework in Frameworks */ = {isa = PBXBuildFile; fileRef = 9737162C07134C5DA1CF5494 /* CoreLocation.framework */; };
		7BAE87996C3243E3880C5326 /* AudioToolbox.framework in Frameworks */ = {isa = PBXBuildFile; fileRef = 3F538D515B044417BB9C6D17 /* AudioToolbox.framework */; settings = {ATTRIBUTES = (Weak, ); }; };
		818A1731A4A746348A6B5CEE /* CDVVibration.m in Sources */ = {isa = PBXBuildFile; fileRef = E5732DA15F8E4BDBA8BDA496 /* CDVVibration.m */; };
		854EEAC2E56E44D5B53B3BB4 /* CDVConnection.m in Sources */ = {isa = PBXBuildFile; fileRef = 19C17BF86A7B4342B5EE67AF /* CDVConnection.m */; };
		924E3888935F441DBE8337E0 /* CDVLocalFilesystem.m in Sources */ = {isa = PBXBuildFile; fileRef = 09DDC66833414F1FA2E19AA8 /* CDVLocalFilesystem.m */; };
		A4267713E0F8476682512AEB /* CoreMotion.framework in Frameworks */ = {isa = PBXBuildFile; fileRef = F73A8C694C954E8E8B4C4017 /* CoreMotion.framework */; };
		A716090E010E4682BE07E3E8 /* CDVContact.m in Sources */ = {isa = PBXBuildFile; fileRef = 2C46F4A8547C417EB840E70F /* CDVContact.m */; };
		A8A78C9437B945F7989905EA /* UIImage+CropScaleOrientation.m in Sources */ = {isa = PBXBuildFile; fileRef = 732D50FDA7C0447E84793E63 /* UIImage+CropScaleOrientation.m */; };
		A9EB51E4FD3342BA8E897FC1 /* HKHealthStore+AAPLExtensions.m in Sources */ = {isa = PBXBuildFile; fileRef = 416F2EE597B643C786927E25 /* HKHealthStore+AAPLExtensions.m */; };
		AE2988CA137D40108BE5DDB8 /* CDVNotification.bundle in Resources */ = {isa = PBXBuildFile; fileRef = 06620A34C84B44F69A8F4B7E /* CDVNotification.bundle */; };
		AF4095806FD742E0B1750A47 /* CDVSplashScreen.m in Sources */ = {isa = PBXBuildFile; fileRef = E593BAF216A048E5AA41CE0E /* CDVSplashScreen.m */; };
		B0F5821D74744DD7B4ED5833 /* CDVFileTransfer.m in Sources */ = {isa = PBXBuildFile; fileRef = E3A1F4E649E2467CAFF025DF /* CDVFileTransfer.m */; };
		B32061B3FCA645B2866113E9 /* CDVBattery.m in Sources */ = {isa = PBXBuildFile; fileRef = 9CC3578E944548BD983B8437 /* CDVBattery.m */; };
		B8C2DDBEF09F427A89E31744 /* CDVCapture.m in Sources */ = {isa = PBXBuildFile; fileRef = 7F327E89342A4ADE9E71EDAC /* CDVCapture.m */; };
		C3764F714FD84109B8AC2608 /* CDVJpegHeaderWriter.m in Sources */ = {isa = PBXBuildFile; fileRef = D739073D5143410B98E53CD8 /* CDVJpegHeaderWriter.m */; };
		D2134779991E407690C4823C /* ImageIO.framework in Frameworks */ = {isa = PBXBuildFile; fileRef = 4B7658E2B83A4F2F98F12341 /* ImageIO.framework */; settings = {ATTRIBUTES = (Weak, ); }; };
		E508CB0B2CAA4054A80B4B9C /* CDVLogger.m in Sources */ = {isa = PBXBuildFile; fileRef = F33F0FA9E39F444DA9EA9B50 /* CDVLogger.m */; };
		E6D1E85B459146779516ADC7 /* CDVContacts.m in Sources */ = {isa = PBXBuildFile; fileRef = EF318CD2321944BABFC71FFE /* CDVContacts.m */; };
		F198D396F09C42A0AD80A5FC /* WorkoutActivityConversion.m in Sources */ = {isa = PBXBuildFile; fileRef = 47200F3675B543DA8564D437 /* WorkoutActivityConversion.m */; };
		F3E940F1160E4D02B2CDE6C1 /* CDVDevice.m in Sources */ = {isa = PBXBuildFile; fileRef = 7C6B4A9EA27B4F4DA9F46533 /* CDVDevice.m */; };
		F4FA30B486C54EBC82FAF6BE /* CDVNotification.m in Sources */ = {isa = PBXBuildFile; fileRef = 9ECCC151E3124F95805996ED /* CDVNotification.m */; };
		F7BDE413366442AFB958D727 /* AVFoundation.framework in Frameworks */ = {isa = PBXBuildFile; fileRef = 0B169E74864C477E9374FE3B /* AVFoundation.framework */; };
		F7EE11DF0548426ABD7F0552 /* CDVViewController+SplashScreen.m in Sources */ = {isa = PBXBuildFile; fileRef = F49E70260E014614A60BBE87 /* CDVViewController+SplashScreen.m */; };
		FACF8D7B75D343B8958CCB3F /* CDVCapture.bundle in Resources */ = {isa = PBXBuildFile; fileRef = 8DCB6344E33B4578A0F1F3B7 /* CDVCapture.bundle */; };
		BCF1394852DC4EC8A3E1CEDF /* CDVAccelerometer.m in Sources */ = {isa = PBXBuildFile; fileRef = 5EF66A57CD9341F69660E721 /* CDVAccelerometer.m */; };
		3BA9FA0AF62E4583B2FE1E96 /* CDVInAppBrowser.m in Sources */ = {isa = PBXBuildFile; fileRef = 6EFDDB5646DE4FED92666FE2 /* CDVInAppBrowser.m */; };
		0A101AE2E9EC48959C93F63D /* CDVStatusBar.m in Sources */ = {isa = PBXBuildFile; fileRef = 9C29061C6C5E48C6AE4CCBBC /* CDVStatusBar.m */; };
/* End PBXBuildFile section */

/* Begin PBXContainerItemProxy section */
		301BF534109A57CC0062928A /* PBXContainerItemProxy */ = {
			isa = PBXContainerItemProxy;
			containerPortal = 301BF52D109A57CC0062928A /* CordovaLib.xcodeproj */;
			proxyType = 2;
			remoteGlobalIDString = D2AAC07E0554694100DB518D;
			remoteInfo = CordovaLib;
		};
		301BF550109A68C00062928A /* PBXContainerItemProxy */ = {
			isa = PBXContainerItemProxy;
			containerPortal = 301BF52D109A57CC0062928A /* CordovaLib.xcodeproj */;
			proxyType = 1;
			remoteGlobalIDString = D2AAC07D0554694100DB518D;
			remoteInfo = CordovaLib;
		};
/* End PBXContainerItemProxy section */

/* Begin PBXFileReference section */
		0207DA571B56EA530066E2B4 /* Images.xcassets */ = {isa = PBXFileReference; lastKnownFileType = folder.assetcatalog; name = Images.xcassets; path = "Moving Monsters/Images.xcassets"; sourceTree = SOURCE_ROOT; };
		04B158B0B53E47378D3365C7 /* HealthKit.m */ = {isa = PBXFileReference; explicitFileType = undefined; fileEncoding = 4; includeInIndex = 0; lastKnownFileType = sourcecode.c.objc; name = HealthKit.m; path = "cordova-plugin-health/HealthKit.m"; sourceTree = "<group>"; };
		06620A34C84B44F69A8F4B7E /* CDVNotification.bundle */ = {isa = PBXFileReference; explicitFileType = undefined; fileEncoding = 9; includeInIndex = 0; lastKnownFileType = "wrapper.plug-in"; path = CDVNotification.bundle; sourceTree = "<group>"; };
		09705098D45140B4A5133E55 /* AddressBook.framework */ = {isa = PBXFileReference; explicitFileType = undefined; fileEncoding = 9; includeInIndex = 0; lastKnownFileType = wrapper.framework; name = AddressBook.framework; path = System/Library/Frameworks/AddressBook.framework; sourceTree = SDKROOT; };
		09DDC66833414F1FA2E19AA8 /* CDVLocalFilesystem.m */ = {isa = PBXFileReference; explicitFileType = undefined; fileEncoding = 4; includeInIndex = 0; lastKnownFileType = sourcecode.c.objc; name = CDVLocalFilesystem.m; path = "cordova-plugin-file/CDVLocalFilesystem.m"; sourceTree = "<group>"; };
		0B169E74864C477E9374FE3B /* AVFoundation.framework */ = {isa = PBXFileReference; explicitFileType = undefined; fileEncoding = 9; includeInIndex = 0; lastKnownFileType = wrapper.framework; name = AVFoundation.framework; path = System/Library/Frameworks/AVFoundation.framework; sourceTree = SDKROOT; };
		1851A4DA1D02EB68006517CC /* Moving Monsters.entitlements */ = {isa = PBXFileReference; lastKnownFileType = text.xml; name = "Moving Monsters.entitlements"; path = "Moving Monsters/Moving Monsters.entitlements"; sourceTree = "<group>"; };
		19C17BF86A7B4342B5EE67AF /* CDVConnection.m */ = {isa = PBXFileReference; explicitFileType = undefined; fileEncoding = 4; includeInIndex = 0; lastKnownFileType = sourcecode.c.objc; name = CDVConnection.m; path = "cordova-plugin-network-information/CDVConnection.m"; sourceTree = "<group>"; };
		1A05208D5F5540BA82C7982B /* CDVReachability.m */ = {isa = PBXFileReference; explicitFileType = undefined; fileEncoding = 4; includeInIndex = 0; lastKnownFileType = sourcecode.c.objc; name = CDVReachability.m; path = "cordova-plugin-network-information/CDVReachability.m"; sourceTree = "<group>"; };
		1C71A0051EE24BB4B3856C9A /* CDVCamera.h */ = {isa = PBXFileReference; explicitFileType = undefined; fileEncoding = 4; includeInIndex = 0; lastKnownFileType = sourcecode.c.h; name = CDVCamera.h; path = "cordova-plugin-camera/CDVCamera.h"; sourceTree = "<group>"; };
		1D3623240D0F684500981E51 /* AppDelegate.h */ = {isa = PBXFileReference; fileEncoding = 4; lastKnownFileType = sourcecode.c.h; path = AppDelegate.h; sourceTree = "<group>"; };
		1D3623250D0F684500981E51 /* AppDelegate.m */ = {isa = PBXFileReference; fileEncoding = 4; lastKnownFileType = sourcecode.c.objc; path = AppDelegate.m; sourceTree = "<group>"; };
		1D6058910D05DD3D006BFB54 /* Moving Monsters.app */ = {isa = PBXFileReference; explicitFileType = wrapper.application; includeInIndex = 0; path = "Moving Monsters.app"; sourceTree = BUILT_PRODUCTS_DIR; };
		22D6A80217FE44B080B7F5DA /* CDVCapture.h */ = {isa = PBXFileReference; explicitFileType = undefined; fileEncoding = 4; includeInIndex = 0; lastKnownFileType = sourcecode.c.h; name = CDVCapture.h; path = "cordova-plugin-media-capture/CDVCapture.h"; sourceTree = "<group>"; };
		2671F4861F82471DA6B857AA /* CDVFileTransfer.h */ = {isa = PBXFileReference; explicitFileType = undefined; fileEncoding = 4; includeInIndex = 0; lastKnownFileType = sourcecode.c.h; name = CDVFileTransfer.h; path = "cordova-plugin-file-transfer/CDVFileTransfer.h"; sourceTree = "<group>"; };
		29B97316FDCFA39411CA2CEA /* main.m */ = {isa = PBXFileReference; fileEncoding = 4; lastKnownFileType = sourcecode.c.objc; path = main.m; sourceTree = "<group>"; };
		2A538397C9C04AFDA228519C /* CoreTelephony.framework */ = {isa = PBXFileReference; explicitFileType = undefined; fileEncoding = 9; includeInIndex = 0; lastKnownFileType = wrapper.framework; name = CoreTelephony.framework; path = System/Library/Frameworks/CoreTelephony.framework; sourceTree = SDKROOT; };
		2C46F4A8547C417EB840E70F /* CDVContact.m */ = {isa = PBXFileReference; explicitFileType = undefined; fileEncoding = 4; includeInIndex = 0; lastKnownFileType = sourcecode.c.objc; name = CDVContact.m; path = "cordova-plugin-contacts/CDVContact.m"; sourceTree = "<group>"; };
		301BF52D109A57CC0062928A /* CordovaLib.xcodeproj */ = {isa = PBXFileReference; lastKnownFileType = "wrapper.pb-project"; name = CordovaLib.xcodeproj; path = CordovaLib/CordovaLib.xcodeproj; sourceTree = "<group>"; };
		301BF56E109A69640062928A /* www */ = {isa = PBXFileReference; lastKnownFileType = folder; path = www; sourceTree = SOURCE_ROOT; };
		302D95EE14D2391D003F00A1 /* MainViewController.h */ = {isa = PBXFileReference; fileEncoding = 4; lastKnownFileType = sourcecode.c.h; path = MainViewController.h; sourceTree = "<group>"; };
		302D95EF14D2391D003F00A1 /* MainViewController.m */ = {isa = PBXFileReference; fileEncoding = 4; lastKnownFileType = sourcecode.c.objc; path = MainViewController.m; sourceTree = "<group>"; };
		302D95F014D2391D003F00A1 /* MainViewController.xib */ = {isa = PBXFileReference; fileEncoding = 4; lastKnownFileType = file.xib; path = MainViewController.xib; sourceTree = "<group>"; };
		3045126F8E0048AB895BE9A0 /* WorkoutActivityConversion.h */ = {isa = PBXFileReference; explicitFileType = undefined; fileEncoding = 4; includeInIndex = 0; lastKnownFileType = sourcecode.c.h; name = WorkoutActivityConversion.h; path = "cordova-plugin-health/WorkoutActivityConversion.h"; sourceTree = "<group>"; };
		3047A50F1AB8059700498E2A /* build-debug.xcconfig */ = {isa = PBXFileReference; fileEncoding = 4; lastKnownFileType = text.xcconfig; name = "build-debug.xcconfig"; path = "cordova/build-debug.xcconfig"; sourceTree = SOURCE_ROOT; };
		3047A5101AB8059700498E2A /* build-release.xcconfig */ = {isa = PBXFileReference; fileEncoding = 4; lastKnownFileType = text.xcconfig; name = "build-release.xcconfig"; path = "cordova/build-release.xcconfig"; sourceTree = SOURCE_ROOT; };
		3047A5111AB8059700498E2A /* build.xcconfig */ = {isa = PBXFileReference; fileEncoding = 4; lastKnownFileType = text.xcconfig; name = build.xcconfig; path = cordova/build.xcconfig; sourceTree = SOURCE_ROOT; };
		3158A4578E6748ED950FFD9D /* AddressBookUI.framework */ = {isa = PBXFileReference; explicitFileType = undefined; fileEncoding = 9; includeInIndex = 0; lastKnownFileType = wrapper.framework; name = AddressBookUI.framework; path = System/Library/Frameworks/AddressBookUI.framework; sourceTree = SDKROOT; };
		32CA4F630368D1EE00C91783 /* Moving Monsters-Prefix.pch */ = {isa = PBXFileReference; fileEncoding = 4; lastKnownFileType = sourcecode.c.h; path = "Moving Monsters-Prefix.pch"; sourceTree = "<group>"; };
		35BCCC8731A7490FB18143D4 /* CDVLogger.h */ = {isa = PBXFileReference; explicitFileType = undefined; fileEncoding = 4; includeInIndex = 0; lastKnownFileType = sourcecode.c.h; name = CDVLogger.h; path = "cordova-plugin-console/CDVLogger.h"; sourceTree = "<group>"; };
		3BE3CE2A8E5E4C6388AC7F28 /* CDVCompass.h */ = {isa = PBXFileReference; explicitFileType = undefined; fileEncoding = 4; includeInIndex = 0; lastKnownFileType = sourcecode.c.h; name = CDVCompass.h; path = "cordova-plugin-device-orientation/CDVCompass.h"; sourceTree = "<group>"; };
		3CF37C62793E4B0A978D5AB0 /* CDVConnection.h */ = {isa = PBXFileReference; explicitFileType = undefined; fileEncoding = 4; includeInIndex = 0; lastKnownFileType = sourcecode.c.h; name = CDVConnection.h; path = "cordova-plugin-network-information/CDVConnection.h"; sourceTree = "<group>"; };
		3F538D515B044417BB9C6D17 /* AudioToolbox.framework */ = {isa = PBXFileReference; explicitFileType = undefined; fileEncoding = 9; includeInIndex = 0; lastKnownFileType = wrapper.framework; name = AudioToolbox.framework; path = System/Library/Frameworks/AudioToolbox.framework; sourceTree = SDKROOT; };
		40861EE3F0F74175BCBC6AC1 /* CDVJpegHeaderWriter.h */ = {isa = PBXFileReference; explicitFileType = undefined; fileEncoding = 4; includeInIndex = 0; lastKnownFileType = sourcecode.c.h; name = CDVJpegHeaderWriter.h; path = "cordova-plugin-camera/CDVJpegHeaderWriter.h"; sourceTree = "<group>"; };
		416F2EE597B643C786927E25 /* HKHealthStore+AAPLExtensions.m */ = {isa = PBXFileReference; explicitFileType = undefined; fileEncoding = 4; includeInIndex = 0; lastKnownFileType = sourcecode.c.objc; name = "HKHealthStore+AAPLExtensions.m"; path = "cordova-plugin-health/HKHealthStore+AAPLExtensions.m"; sourceTree = "<group>"; };
		424125826B964AED9D47115E /* CDVReachability.h */ = {isa = PBXFileReference; explicitFileType = undefined; fileEncoding = 4; includeInIndex = 0; lastKnownFileType = sourcecode.c.h; name = CDVReachability.h; path = "cordova-plugin-network-information/CDVReachability.h"; sourceTree = "<group>"; };
		47200F3675B543DA8564D437 /* WorkoutActivityConversion.m */ = {isa = PBXFileReference; explicitFileType = undefined; fileEncoding = 4; includeInIndex = 0; lastKnownFileType = sourcecode.c.objc; name = WorkoutActivityConversion.m; path = "cordova-plugin-health/WorkoutActivityConversion.m"; sourceTree = "<group>"; };
		475142A255484B7F875D8922 /* CDVFile.h */ = {isa = PBXFileReference; explicitFileType = undefined; fileEncoding = 4; includeInIndex = 0; lastKnownFileType = sourcecode.c.h; name = CDVFile.h; path = "cordova-plugin-file/CDVFile.h"; sourceTree = "<group>"; };
		4B7658E2B83A4F2F98F12341 /* ImageIO.framework */ = {isa = PBXFileReference; explicitFileType = undefined; fileEncoding = 9; includeInIndex = 0; lastKnownFileType = wrapper.framework; name = ImageIO.framework; path = System/Library/Frameworks/ImageIO.framework; sourceTree = SDKROOT; };
		4D1B94A642974585874FA65C /* CDVVibration.h */ = {isa = PBXFileReference; explicitFileType = undefined; fileEncoding = 4; includeInIndex = 0; lastKnownFileType = sourcecode.c.h; name = CDVVibration.h; path = "cordova-plugin-vibration/CDVVibration.h"; sourceTree = "<group>"; };
		4E3B638C72CE4F91860EFB56 /* CDVSound.m */ = {isa = PBXFileReference; explicitFileType = undefined; fileEncoding = 4; includeInIndex = 0; lastKnownFileType = sourcecode.c.objc; name = CDVSound.m; path = "cordova-plugin-media/CDVSound.m"; sourceTree = "<group>"; };
		65DBFCA3D0664C4C92CD03F6 /* CDVNotification.h */ = {isa = PBXFileReference; explicitFileType = undefined; fileEncoding = 4; includeInIndex = 0; lastKnownFileType = sourcecode.c.h; name = CDVNotification.h; path = "cordova-plugin-dialogs/CDVNotification.h"; sourceTree = "<group>"; };
		6823AC54BCEA4BE3BD041ED7 /* CDVLocation.m */ = {isa = PBXFileReference; explicitFileType = undefined; fileEncoding = 4; includeInIndex = 0; lastKnownFileType = sourcecode.c.objc; name = CDVLocation.m; path = "cordova-plugin-geolocation/CDVLocation.m"; sourceTree = "<group>"; };
		732D50FDA7C0447E84793E63 /* UIImage+CropScaleOrientation.m */ = {isa = PBXFileReference; explicitFileType = undefined; fileEncoding = 4; includeInIndex = 0; lastKnownFileType = sourcecode.c.objc; name = "UIImage+CropScaleOrientation.m"; path = "cordova-plugin-camera/UIImage+CropScaleOrientation.m"; sourceTree = "<group>"; };
		75CE7E0D67F042D5814A204B /* UIImage+CropScaleOrientation.h */ = {isa = PBXFileReference; explicitFileType = undefined; fileEncoding = 4; includeInIndex = 0; lastKnownFileType = sourcecode.c.h; name = "UIImage+CropScaleOrientation.h"; path = "cordova-plugin-camera/UIImage+CropScaleOrientation.h"; sourceTree = "<group>"; };
		7C6B4A9EA27B4F4DA9F46533 /* CDVDevice.m */ = {isa = PBXFileReference; explicitFileType = undefined; fileEncoding = 4; includeInIndex = 0; lastKnownFileType = sourcecode.c.objc; name = CDVDevice.m; path = "cordova-plugin-device/CDVDevice.m"; sourceTree = "<group>"; };
		7F327E89342A4ADE9E71EDAC /* CDVCapture.m */ = {isa = PBXFileReference; explicitFileType = undefined; fileEncoding = 4; includeInIndex = 0; lastKnownFileType = sourcecode.c.objc; name = CDVCapture.m; path = "cordova-plugin-media-capture/CDVCapture.m"; sourceTree = "<group>"; };
		8871A08F6E504EB2B1076BEE /* CDVContacts.h */ = {isa = PBXFileReference; explicitFileType = undefined; fileEncoding = 4; includeInIndex = 0; lastKnownFileType = sourcecode.c.h; name = CDVContacts.h; path = "cordova-plugin-contacts/CDVContacts.h"; sourceTree = "<group>"; };
		8D1107310486CEB800E47090 /* Moving Monsters-Info.plist */ = {isa = PBXFileReference; fileEncoding = 4; lastKnownFileType = text.plist.xml; name = "Moving Monsters-Info.plist"; path = "Moving Monsters/Moving Monsters-Info.plist"; plistStructureDefinitionIdentifier = "com.apple.xcode.plist.structure-definition.iphone.info-plist"; sourceTree = SOURCE_ROOT; };
		8DCB6344E33B4578A0F1F3B7 /* CDVCapture.bundle */ = {isa = PBXFileReference; explicitFileType = undefined; fileEncoding = 9; includeInIndex = 0; lastKnownFileType = "wrapper.plug-in"; path = CDVCapture.bundle; sourceTree = "<group>"; };
		8DF0A6E8D1724004B6C00DD0 /* CDVCamera.m */ = {isa = PBXFileReference; explicitFileType = undefined; fileEncoding = 4; includeInIndex = 0; lastKnownFileType = sourcecode.c.objc; name = CDVCamera.m; path = "cordova-plugin-camera/CDVCamera.m"; sourceTree = "<group>"; };
		9737162C07134C5DA1CF5494 /* CoreLocation.framework */ = {isa = PBXFileReference; explicitFileType = undefined; fileEncoding = 9; includeInIndex = 0; lastKnownFileType = wrapper.framework; name = CoreLocation.framework; path = System/Library/Frameworks/CoreLocation.framework; sourceTree = SDKROOT; };
		9A09ECBAB6E349469A92FB08 /* CDVGlobalization.m */ = {isa = PBXFileReference; explicitFileType = undefined; fileEncoding = 4; includeInIndex = 0; lastKnownFileType = sourcecode.c.objc; name = CDVGlobalization.m; path = "cordova-plugin-globalization/CDVGlobalization.m"; sourceTree = "<group>"; };
		9CC3578E944548BD983B8437 /* CDVBattery.m */ = {isa = PBXFileReference; explicitFileType = undefined; fileEncoding = 4; includeInIndex = 0; lastKnownFileType = sourcecode.c.objc; name = CDVBattery.m; path = "cordova-plugin-battery-status/CDVBattery.m"; sourceTree = "<group>"; };
		9ECCC151E3124F95805996ED /* CDVNotification.m */ = {isa = PBXFileReference; explicitFileType = undefined; fileEncoding = 4; includeInIndex = 0; lastKnownFileType = sourcecode.c.objc; name = CDVNotification.m; path = "cordova-plugin-dialogs/CDVNotification.m"; sourceTree = "<group>"; };
		ABA849DAFD794C34B5F678F4 /* HealthKit.framework */ = {isa = PBXFileReference; explicitFileType = undefined; fileEncoding = 9; includeInIndex = 0; lastKnownFileType = wrapper.framework; name = HealthKit.framework; path = System/Library/Frameworks/HealthKit.framework; sourceTree = SDKROOT; };
		AF1CF600BC184691B4C7552D /* CDVGlobalization.h */ = {isa = PBXFileReference; explicitFileType = undefined; fileEncoding = 4; includeInIndex = 0; lastKnownFileType = sourcecode.c.h; name = CDVGlobalization.h; path = "cordova-plugin-globalization/CDVGlobalization.h"; sourceTree = "<group>"; };
		AFAD11D63CDB416F9D2243B1 /* CDVSound.h */ = {isa = PBXFileReference; explicitFileType = undefined; fileEncoding = 4; includeInIndex = 0; lastKnownFileType = sourcecode.c.h; name = CDVSound.h; path = "cordova-plugin-media/CDVSound.h"; sourceTree = "<group>"; };
		B053C9431FD0412EA96827F4 /* HealthKit.h */ = {isa = PBXFileReference; explicitFileType = undefined; fileEncoding = 4; includeInIndex = 0; lastKnownFileType = sourcecode.c.h; name = HealthKit.h; path = "cordova-plugin-health/HealthKit.h"; sourceTree = "<group>"; };
		B06563A1458E4056A61DFBB8 /* SystemConfiguration.framework */ = {isa = PBXFileReference; explicitFileType = undefined; fileEncoding = 9; includeInIndex = 0; lastKnownFileType = wrapper.framework; name = SystemConfiguration.framework; path = System/Library/Frameworks/SystemConfiguration.framework; sourceTree = SDKROOT; };
		B6DBF69589CF43F9BD40B845 /* CDVAssetLibraryFilesystem.h */ = {isa = PBXFileReference; explicitFileType = undefined; fileEncoding = 4; includeInIndex = 0; lastKnownFileType = sourcecode.c.h; name = CDVAssetLibraryFilesystem.h; path = "cordova-plugin-file/CDVAssetLibraryFilesystem.h"; sourceTree = "<group>"; };
		B853420B36244233A89947E3 /* CDVContact.h */ = {isa = PBXFileReference; explicitFileType = undefined; fileEncoding = 4; includeInIndex = 0; lastKnownFileType = sourcecode.c.h; name = CDVContact.h; path = "cordova-plugin-contacts/CDVContact.h"; sourceTree = "<group>"; };
		BD5E5C256721455A97BB57BF /* CDVBattery.h */ = {isa = PBXFileReference; explicitFileType = undefined; fileEncoding = 4; includeInIndex = 0; lastKnownFileType = sourcecode.c.h; name = CDVBattery.h; path = "cordova-plugin-battery-status/CDVBattery.h"; sourceTree = "<group>"; };
		CCE2DBFA17F4491FA4C11053 /* CDVDevice.h */ = {isa = PBXFileReference; explicitFileType = undefined; fileEncoding = 4; includeInIndex = 0; lastKnownFileType = sourcecode.c.h; name = CDVDevice.h; path = "cordova-plugin-device/CDVDevice.h"; sourceTree = "<group>"; };
		D4C543E5C30D45A6AF3C2921 /* CDVLocation.h */ = {isa = PBXFileReference; explicitFileType = undefined; fileEncoding = 4; includeInIndex = 0; lastKnownFileType = sourcecode.c.h; name = CDVLocation.h; path = "cordova-plugin-geolocation/CDVLocation.h"; sourceTree = "<group>"; };
		D6A1BE420C204878A2312BF3 /* CDVCompass.m */ = {isa = PBXFileReference; explicitFileType = undefined; fileEncoding = 4; includeInIndex = 0; lastKnownFileType = sourcecode.c.objc; name = CDVCompass.m; path = "cordova-plugin-device-orientation/CDVCompass.m"; sourceTree = "<group>"; };
		D6A69A2D72B94C72BBC0B9DA /* HKHealthStore+AAPLExtensions.h */ = {isa = PBXFileReference; explicitFileType = undefined; fileEncoding = 4; includeInIndex = 0; lastKnownFileType = sourcecode.c.h; name = "HKHealthStore+AAPLExtensions.h"; path = "cordova-plugin-health/HKHealthStore+AAPLExtensions.h"; sourceTree = "<group>"; };
		D739073D5143410B98E53CD8 /* CDVJpegHeaderWriter.m */ = {isa = PBXFileReference; explicitFileType = undefined; fileEncoding = 4; includeInIndex = 0; lastKnownFileType = sourcecode.c.objc; name = CDVJpegHeaderWriter.m; path = "cordova-plugin-camera/CDVJpegHeaderWriter.m"; sourceTree = "<group>"; };
		D8CC6E043B3F48EEA1D34545 /* CDVViewController+SplashScreen.h */ = {isa = PBXFileReference; explicitFileType = undefined; fileEncoding = 4; includeInIndex = 0; lastKnownFileType = sourcecode.c.h; name = "CDVViewController+SplashScreen.h"; path = "cordova-plugin-splashscreen/CDVViewController+SplashScreen.h"; sourceTree = "<group>"; };
		DEEC8B4ACE0F4AAC90DD40A7 /* CDVLocalFilesystem.h */ = {isa = PBXFileReference; explicitFileType = undefined; fileEncoding = 4; includeInIndex = 0; lastKnownFileType = sourcecode.c.h; name = CDVLocalFilesystem.h; path = "cordova-plugin-file/CDVLocalFilesystem.h"; sourceTree = "<group>"; };
		E260FF75F5DA4AEE930070B2 /* CDVAssetLibraryFilesystem.m */ = {isa = PBXFileReference; explicitFileType = undefined; fileEncoding = 4; includeInIndex = 0; lastKnownFileType = sourcecode.c.objc; name = CDVAssetLibraryFilesystem.m; path = "cordova-plugin-file/CDVAssetLibraryFilesystem.m"; sourceTree = "<group>"; };
		E3A1F4E649E2467CAFF025DF /* CDVFileTransfer.m */ = {isa = PBXFileReference; explicitFileType = undefined; fileEncoding = 4; includeInIndex = 0; lastKnownFileType = sourcecode.c.objc; name = CDVFileTransfer.m; path = "cordova-plugin-file-transfer/CDVFileTransfer.m"; sourceTree = "<group>"; };
		E3C9C9179F064CDDADBE5914 /* CDVSplashScreen.h */ = {isa = PBXFileReference; explicitFileType = undefined; fileEncoding = 4; includeInIndex = 0; lastKnownFileType = sourcecode.c.h; name = CDVSplashScreen.h; path = "cordova-plugin-splashscreen/CDVSplashScreen.h"; sourceTree = "<group>"; };
		E5732DA15F8E4BDBA8BDA496 /* CDVVibration.m */ = {isa = PBXFileReference; explicitFileType = undefined; fileEncoding = 4; includeInIndex = 0; lastKnownFileType = sourcecode.c.objc; name = CDVVibration.m; path = "cordova-plugin-vibration/CDVVibration.m"; sourceTree = "<group>"; };
		E593BAF216A048E5AA41CE0E /* CDVSplashScreen.m */ = {isa = PBXFileReference; explicitFileType = undefined; fileEncoding = 4; includeInIndex = 0; lastKnownFileType = sourcecode.c.objc; name = CDVSplashScreen.m; path = "cordova-plugin-splashscreen/CDVSplashScreen.m"; sourceTree = "<group>"; };
		E897C2BB106D445D8CCA178C /* CDVFile.m */ = {isa = PBXFileReference; explicitFileType = undefined; fileEncoding = 4; includeInIndex = 0; lastKnownFileType = sourcecode.c.objc; name = CDVFile.m; path = "cordova-plugin-file/CDVFile.m"; sourceTree = "<group>"; };
		EB87FDF31871DA8E0020F90C /* www */ = {isa = PBXFileReference; lastKnownFileType = folder; name = www; path = ../../www; sourceTree = "<group>"; };
		EB87FDF41871DAF40020F90C /* config.xml */ = {isa = PBXFileReference; lastKnownFileType = text.xml; name = config.xml; path = ../../config.xml; sourceTree = "<group>"; };
		ED33DF2A687741AEAF9F8254 /* Bridging-Header.h */ = {isa = PBXFileReference; fileEncoding = 4; lastKnownFileType = sourcecode.c.h; path = "Bridging-Header.h"; sourceTree = "<group>"; };
		EF318CD2321944BABFC71FFE /* CDVContacts.m */ = {isa = PBXFileReference; explicitFileType = undefined; fileEncoding = 4; includeInIndex = 0; lastKnownFileType = sourcecode.c.objc; name = CDVContacts.m; path = "cordova-plugin-contacts/CDVContacts.m"; sourceTree = "<group>"; };
		F0DBE3C7134744AE9F474194 /* CDVExif.h */ = {isa = PBXFileReference; explicitFileType = undefined; fileEncoding = 4; includeInIndex = 0; lastKnownFileType = sourcecode.c.h; name = CDVExif.h; path = "cordova-plugin-camera/CDVExif.h"; sourceTree = "<group>"; };
		F33F0FA9E39F444DA9EA9B50 /* CDVLogger.m */ = {isa = PBXFileReference; explicitFileType = undefined; fileEncoding = 4; includeInIndex = 0; lastKnownFileType = sourcecode.c.objc; name = CDVLogger.m; path = "cordova-plugin-console/CDVLogger.m"; sourceTree = "<group>"; };
		F49E70260E014614A60BBE87 /* CDVViewController+SplashScreen.m */ = {isa = PBXFileReference; explicitFileType = undefined; fileEncoding = 4; includeInIndex = 0; lastKnownFileType = sourcecode.c.objc; name = "CDVViewController+SplashScreen.m"; path = "cordova-plugin-splashscreen/CDVViewController+SplashScreen.m"; sourceTree = "<group>"; };
		F73A8C694C954E8E8B4C4017 /* CoreMotion.framework */ = {isa = PBXFileReference; explicitFileType = undefined; fileEncoding = 9; includeInIndex = 0; lastKnownFileType = wrapper.framework; name = CoreMotion.framework; path = System/Library/Frameworks/CoreMotion.framework; sourceTree = SDKROOT; };
		F840E1F0165FE0F500CFE078 /* config.xml */ = {isa = PBXFileReference; lastKnownFileType = text.xml; name = config.xml; path = "Moving Monsters/config.xml"; sourceTree = "<group>"; };
		5EF66A57CD9341F69660E721 /* CDVAccelerometer.m */ = {isa = PBXFileReference; name = "CDVAccelerometer.m"; path = "cordova-plugin-device-motion/CDVAccelerometer.m"; sourceTree = "<group>"; fileEncoding = 4; lastKnownFileType = sourcecode.c.objc; explicitFileType = undefined; includeInIndex = 0; };
		ADC89DC007FC42869C0864A4 /* CDVAccelerometer.h */ = {isa = PBXFileReference; name = "CDVAccelerometer.h"; path = "cordova-plugin-device-motion/CDVAccelerometer.h"; sourceTree = "<group>"; fileEncoding = 4; lastKnownFileType = sourcecode.c.h; explicitFileType = undefined; includeInIndex = 0; };
		6EFDDB5646DE4FED92666FE2 /* CDVInAppBrowser.m */ = {isa = PBXFileReference; name = "CDVInAppBrowser.m"; path = "cordova-plugin-inappbrowser/CDVInAppBrowser.m"; sourceTree = "<group>"; fileEncoding = 4; lastKnownFileType = sourcecode.c.objc; explicitFileType = undefined; includeInIndex = 0; };
		D371F165733E476996A5B697 /* CDVInAppBrowser.h */ = {isa = PBXFileReference; name = "CDVInAppBrowser.h"; path = "cordova-plugin-inappbrowser/CDVInAppBrowser.h"; sourceTree = "<group>"; fileEncoding = 4; lastKnownFileType = sourcecode.c.h; explicitFileType = undefined; includeInIndex = 0; };
		9C29061C6C5E48C6AE4CCBBC /* CDVStatusBar.m */ = {isa = PBXFileReference; name = "CDVStatusBar.m"; path = "cordova-plugin-statusbar/CDVStatusBar.m"; sourceTree = "<group>"; fileEncoding = 4; lastKnownFileType = sourcecode.c.objc; explicitFileType = undefined; includeInIndex = 0; };
		9E40061A4BC74A6B8F6485D4 /* CDVStatusBar.h */ = {isa = PBXFileReference; name = "CDVStatusBar.h"; path = "cordova-plugin-statusbar/CDVStatusBar.h"; sourceTree = "<group>"; fileEncoding = 4; lastKnownFileType = sourcecode.c.h; explicitFileType = undefined; includeInIndex = 0; };
/* End PBXFileReference section */

/* Begin PBXFrameworksBuildPhase section */
		1D60588F0D05DD3D006BFB54 /* Frameworks */ = {
			isa = PBXFrameworksBuildPhase;
			buildActionMask = 2147483647;
			files = (
				301BF552109A68D80062928A /* libCordova.a in Frameworks */,
				D2134779991E407690C4823C /* ImageIO.framework in Frameworks */,
				759EF92758434345B262CABB /* CoreLocation.framework in Frameworks */,
				F7BDE413366442AFB958D727 /* AVFoundation.framework in Frameworks */,
				1806EBB8AD444957BF37BABA /* AddressBook.framework in Frameworks */,
				27D5FF9597F74A028BE422B8 /* AddressBookUI.framework in Frameworks */,
				A4267713E0F8476682512AEB /* CoreMotion.framework in Frameworks */,
				7BAE87996C3243E3880C5326 /* AudioToolbox.framework in Frameworks */,
				3760954177D34610A6975AB3 /* HealthKit.framework in Frameworks */,
				6F39CE98B7924F75961C2409 /* SystemConfiguration.framework in Frameworks */,
				011323A9F1CF47F0A5B7AE8B /* CoreTelephony.framework in Frameworks */,
			);
			runOnlyForDeploymentPostprocessing = 0;
		};
/* End PBXFrameworksBuildPhase section */

/* Begin PBXGroup section */
		080E96DDFE201D6D7F000001 /* Classes */ = {
			isa = PBXGroup;
			children = (
				302D95EE14D2391D003F00A1 /* MainViewController.h */,
				302D95EF14D2391D003F00A1 /* MainViewController.m */,
				302D95F014D2391D003F00A1 /* MainViewController.xib */,
				1D3623240D0F684500981E51 /* AppDelegate.h */,
				1D3623250D0F684500981E51 /* AppDelegate.m */,
			);
			name = Classes;
			path = "Moving Monsters/Classes";
			sourceTree = SOURCE_ROOT;
		};
		19C28FACFE9D520D11CA2CBB /* Products */ = {
			isa = PBXGroup;
			children = (
				1D6058910D05DD3D006BFB54 /* Moving Monsters.app */,
			);
			name = Products;
			sourceTree = "<group>";
		};
		29B97314FDCFA39411CA2CEA /* CustomTemplate */ = {
			isa = PBXGroup;
			children = (
				1851A4DA1D02EB68006517CC /* Moving Monsters.entitlements */,
				EB87FDF41871DAF40020F90C /* config.xml */,
				EB87FDF31871DA8E0020F90C /* www */,
				EB87FDF11871DA420020F90C /* Staging */,
				301BF52D109A57CC0062928A /* CordovaLib.xcodeproj */,
				080E96DDFE201D6D7F000001 /* Classes */,
				307C750510C5A3420062BCA9 /* Plugins */,
				29B97315FDCFA39411CA2CEA /* Other Sources */,
				29B97317FDCFA39411CA2CEA /* Resources */,
				29B97323FDCFA39411CA2CEA /* Frameworks */,
				19C28FACFE9D520D11CA2CBB /* Products */,
			);
			name = CustomTemplate;
			sourceTree = "<group>";
		};
		29B97315FDCFA39411CA2CEA /* Other Sources */ = {
			isa = PBXGroup;
			children = (
				32CA4F630368D1EE00C91783 /* Moving Monsters-Prefix.pch */,
				29B97316FDCFA39411CA2CEA /* main.m */,
				ED33DF2A687741AEAF9F8254 /* Bridging-Header.h */,
			);
			name = "Other Sources";
			path = "Moving Monsters";
			sourceTree = "<group>";
		};
		29B97317FDCFA39411CA2CEA /* Resources */ = {
			isa = PBXGroup;
			children = (
				0207DA571B56EA530066E2B4 /* Images.xcassets */,
				3047A50E1AB8057F00498E2A /* config */,
				8D1107310486CEB800E47090 /* Moving Monsters-Info.plist */,
				06620A34C84B44F69A8F4B7E /* CDVNotification.bundle */,
				8DCB6344E33B4578A0F1F3B7 /* CDVCapture.bundle */,
			);
			name = Resources;
			path = "Moving Monsters/Resources";
			sourceTree = "<group>";
		};
		29B97323FDCFA39411CA2CEA /* Frameworks */ = {
			isa = PBXGroup;
			children = (
				4B7658E2B83A4F2F98F12341 /* ImageIO.framework */,
				9737162C07134C5DA1CF5494 /* CoreLocation.framework */,
				0B169E74864C477E9374FE3B /* AVFoundation.framework */,
				09705098D45140B4A5133E55 /* AddressBook.framework */,
				3158A4578E6748ED950FFD9D /* AddressBookUI.framework */,
				F73A8C694C954E8E8B4C4017 /* CoreMotion.framework */,
				3F538D515B044417BB9C6D17 /* AudioToolbox.framework */,
				ABA849DAFD794C34B5F678F4 /* HealthKit.framework */,
				B06563A1458E4056A61DFBB8 /* SystemConfiguration.framework */,
				2A538397C9C04AFDA228519C /* CoreTelephony.framework */,
			);
			name = Frameworks;
			sourceTree = "<group>";
		};
		301BF52E109A57CC0062928A /* Products */ = {
			isa = PBXGroup;
			children = (
				301BF535109A57CC0062928A /* libCordova.a */,
			);
			name = Products;
			sourceTree = "<group>";
		};
		3047A50E1AB8057F00498E2A /* config */ = {
			isa = PBXGroup;
			children = (
				3047A50F1AB8059700498E2A /* build-debug.xcconfig */,
				3047A5101AB8059700498E2A /* build-release.xcconfig */,
				3047A5111AB8059700498E2A /* build.xcconfig */,
			);
			name = config;
			sourceTree = "<group>";
		};
		307C750510C5A3420062BCA9 /* Plugins */ = {
			isa = PBXGroup;
			children = (
				9CC3578E944548BD983B8437 /* CDVBattery.m */,
				BD5E5C256721455A97BB57BF /* CDVBattery.h */,
				732D50FDA7C0447E84793E63 /* UIImage+CropScaleOrientation.m */,
				8DF0A6E8D1724004B6C00DD0 /* CDVCamera.m */,
				D739073D5143410B98E53CD8 /* CDVJpegHeaderWriter.m */,
				75CE7E0D67F042D5814A204B /* UIImage+CropScaleOrientation.h */,
				1C71A0051EE24BB4B3856C9A /* CDVCamera.h */,
				40861EE3F0F74175BCBC6AC1 /* CDVJpegHeaderWriter.h */,
				F0DBE3C7134744AE9F474194 /* CDVExif.h */,
				F33F0FA9E39F444DA9EA9B50 /* CDVLogger.m */,
				35BCCC8731A7490FB18143D4 /* CDVLogger.h */,
				EF318CD2321944BABFC71FFE /* CDVContacts.m */,
				2C46F4A8547C417EB840E70F /* CDVContact.m */,
				8871A08F6E504EB2B1076BEE /* CDVContacts.h */,
				B853420B36244233A89947E3 /* CDVContact.h */,
				7C6B4A9EA27B4F4DA9F46533 /* CDVDevice.m */,
				CCE2DBFA17F4491FA4C11053 /* CDVDevice.h */,
				D6A1BE420C204878A2312BF3 /* CDVCompass.m */,
				3BE3CE2A8E5E4C6388AC7F28 /* CDVCompass.h */,
				9ECCC151E3124F95805996ED /* CDVNotification.m */,
				65DBFCA3D0664C4C92CD03F6 /* CDVNotification.h */,
				E897C2BB106D445D8CCA178C /* CDVFile.m */,
				09DDC66833414F1FA2E19AA8 /* CDVLocalFilesystem.m */,
				E260FF75F5DA4AEE930070B2 /* CDVAssetLibraryFilesystem.m */,
				475142A255484B7F875D8922 /* CDVFile.h */,
				DEEC8B4ACE0F4AAC90DD40A7 /* CDVLocalFilesystem.h */,
				B6DBF69589CF43F9BD40B845 /* CDVAssetLibraryFilesystem.h */,
				E3A1F4E649E2467CAFF025DF /* CDVFileTransfer.m */,
				2671F4861F82471DA6B857AA /* CDVFileTransfer.h */,
				6823AC54BCEA4BE3BD041ED7 /* CDVLocation.m */,
				D4C543E5C30D45A6AF3C2921 /* CDVLocation.h */,
				9A09ECBAB6E349469A92FB08 /* CDVGlobalization.m */,
				AF1CF600BC184691B4C7552D /* CDVGlobalization.h */,
				47200F3675B543DA8564D437 /* WorkoutActivityConversion.m */,
				416F2EE597B643C786927E25 /* HKHealthStore+AAPLExtensions.m */,
				04B158B0B53E47378D3365C7 /* HealthKit.m */,
				3045126F8E0048AB895BE9A0 /* WorkoutActivityConversion.h */,
				D6A69A2D72B94C72BBC0B9DA /* HKHealthStore+AAPLExtensions.h */,
				B053C9431FD0412EA96827F4 /* HealthKit.h */,
				4E3B638C72CE4F91860EFB56 /* CDVSound.m */,
				AFAD11D63CDB416F9D2243B1 /* CDVSound.h */,
				7F327E89342A4ADE9E71EDAC /* CDVCapture.m */,
				22D6A80217FE44B080B7F5DA /* CDVCapture.h */,
				19C17BF86A7B4342B5EE67AF /* CDVConnection.m */,
				1A05208D5F5540BA82C7982B /* CDVReachability.m */,
				3CF37C62793E4B0A978D5AB0 /* CDVConnection.h */,
				424125826B964AED9D47115E /* CDVReachability.h */,
				E593BAF216A048E5AA41CE0E /* CDVSplashScreen.m */,
				F49E70260E014614A60BBE87 /* CDVViewController+SplashScreen.m */,
				E3C9C9179F064CDDADBE5914 /* CDVSplashScreen.h */,
				D8CC6E043B3F48EEA1D34545 /* CDVViewController+SplashScreen.h */,
				E5732DA15F8E4BDBA8BDA496 /* CDVVibration.m */,
				4D1B94A642974585874FA65C /* CDVVibration.h */,
				5EF66A57CD9341F69660E721 /* CDVAccelerometer.m */,
				ADC89DC007FC42869C0864A4 /* CDVAccelerometer.h */,
				6EFDDB5646DE4FED92666FE2 /* CDVInAppBrowser.m */,
				D371F165733E476996A5B697 /* CDVInAppBrowser.h */,
				9C29061C6C5E48C6AE4CCBBC /* CDVStatusBar.m */,
				9E40061A4BC74A6B8F6485D4 /* CDVStatusBar.h */,
			);
			name = Plugins;
			path = "Moving Monsters/Plugins";
			sourceTree = SOURCE_ROOT;
		};
		EB87FDF11871DA420020F90C /* Staging */ = {
			isa = PBXGroup;
			children = (
				F840E1F0165FE0F500CFE078 /* config.xml */,
				301BF56E109A69640062928A /* www */,
			);
			name = Staging;
			sourceTree = "<group>";
		};
/* End PBXGroup section */

/* Begin PBXNativeTarget section */
		1D6058900D05DD3D006BFB54 /* Moving Monsters */ = {
			isa = PBXNativeTarget;
			buildConfigurationList = 1D6058960D05DD3E006BFB54 /* Build configuration list for PBXNativeTarget "Moving Monsters" */;
			buildPhases = (
				304B58A110DAC018002A0835 /* Copy www directory */,
				1D60588D0D05DD3D006BFB54 /* Resources */,
				1D60588E0D05DD3D006BFB54 /* Sources */,
				1D60588F0D05DD3D006BFB54 /* Frameworks */,
			);
			buildRules = (
			);
			dependencies = (
				301BF551109A68C00062928A /* PBXTargetDependency */,
			);
			name = "Moving Monsters";
			productName = "Moving Monsters";
			productReference = 1D6058910D05DD3D006BFB54 /* Moving Monsters.app */;
			productType = "com.apple.product-type.application";
		};
/* End PBXNativeTarget section */

/* Begin PBXProject section */
		29B97313FDCFA39411CA2CEA /* Project object */ = {
			isa = PBXProject;
			attributes = {
				LastUpgradeCheck = 510;
				TargetAttributes = {
					1D6058900D05DD3D006BFB54 = {
						DevelopmentTeam = FX53CJSYTB;
						SystemCapabilities = {
							com.apple.HealthKit = {
								enabled = 1;
							};
						};
					};
				};
			};
			buildConfigurationList = C01FCF4E08A954540054247B /* Build configuration list for PBXProject "Moving Monsters" */;
			compatibilityVersion = "Xcode 3.2";
			developmentRegion = English;
			hasScannedForEncodings = 1;
			knownRegions = (
				en,
			);
			mainGroup = 29B97314FDCFA39411CA2CEA /* CustomTemplate */;
			projectDirPath = "";
			projectReferences = (
				{
					ProductGroup = 301BF52E109A57CC0062928A /* Products */;
					ProjectRef = 301BF52D109A57CC0062928A /* CordovaLib.xcodeproj */;
				},
			);
			projectRoot = "";
			targets = (
				1D6058900D05DD3D006BFB54 /* Moving Monsters */,
			);
		};
/* End PBXProject section */

/* Begin PBXReferenceProxy section */
		301BF535109A57CC0062928A /* libCordova.a */ = {
			isa = PBXReferenceProxy;
			fileType = archive.ar;
			path = libCordova.a;
			remoteRef = 301BF534109A57CC0062928A /* PBXContainerItemProxy */;
			sourceTree = BUILT_PRODUCTS_DIR;
		};
/* End PBXReferenceProxy section */

/* Begin PBXResourcesBuildPhase section */
		1D60588D0D05DD3D006BFB54 /* Resources */ = {
			isa = PBXResourcesBuildPhase;
			buildActionMask = 2147483647;
			files = (
				302D95F214D2391D003F00A1 /* MainViewController.xib in Resources */,
				3047A5131AB8059700498E2A /* build-release.xcconfig in Resources */,
				3047A5141AB8059700498E2A /* build.xcconfig in Resources */,
				0207DA581B56EA530066E2B4 /* Images.xcassets in Resources */,
				3047A5121AB8059700498E2A /* build-debug.xcconfig in Resources */,
				AE2988CA137D40108BE5DDB8 /* CDVNotification.bundle in Resources */,
				FACF8D7B75D343B8958CCB3F /* CDVCapture.bundle in Resources */,
			);
			runOnlyForDeploymentPostprocessing = 0;
		};
/* End PBXResourcesBuildPhase section */

/* Begin PBXShellScriptBuildPhase section */
		304B58A110DAC018002A0835 /* Copy www directory */ = {
			isa = PBXShellScriptBuildPhase;
			buildActionMask = 2147483647;
			files = (
			);
			inputPaths = (
			);
			name = "Copy www directory";
			outputPaths = (
			);
			runOnlyForDeploymentPostprocessing = 0;
			shellPath = /bin/sh;
			shellScript = "NODEJS_PATH=/usr/local/bin; NVM_NODE_PATH=~/.nvm/versions/node/`nvm version 2>/dev/null`/bin; N_NODE_PATH=`find /usr/local/n/versions/node/* -maxdepth 0 -type d 2>/dev/null | tail -1`/bin; XCODE_NODE_PATH=`xcode-select --print-path`/usr/share/xcs/Node/bin; PATH=$NODEJS_PATH:$NVM_NODE_PATH:$N_NODE_PATH:$XCODE_NODE_PATH:$PATH && node cordova/lib/copy-www-build-step.js";
			showEnvVarsInLog = 0;
		};
/* End PBXShellScriptBuildPhase section */

/* Begin PBXSourcesBuildPhase section */
		1D60588E0D05DD3D006BFB54 /* Sources */ = {
			isa = PBXSourcesBuildPhase;
			buildActionMask = 2147483647;
			files = (
				1D60589B0D05DD56006BFB54 /* main.m in Sources */,
				1D3623260D0F684500981E51 /* AppDelegate.m in Sources */,
				302D95F114D2391D003F00A1 /* MainViewController.m in Sources */,
				B32061B3FCA645B2866113E9 /* CDVBattery.m in Sources */,
				A8A78C9437B945F7989905EA /* UIImage+CropScaleOrientation.m in Sources */,
				28348C96E777460E9E16E17B /* CDVCamera.m in Sources */,
				C3764F714FD84109B8AC2608 /* CDVJpegHeaderWriter.m in Sources */,
				E508CB0B2CAA4054A80B4B9C /* CDVLogger.m in Sources */,
				E6D1E85B459146779516ADC7 /* CDVContacts.m in Sources */,
				A716090E010E4682BE07E3E8 /* CDVContact.m in Sources */,
				F3E940F1160E4D02B2CDE6C1 /* CDVDevice.m in Sources */,
				00EB65992F4841DCA5E5F0F0 /* CDVCompass.m in Sources */,
				F4FA30B486C54EBC82FAF6BE /* CDVNotification.m in Sources */,
				06D296CE45964200B3A0290E /* CDVFile.m in Sources */,
				924E3888935F441DBE8337E0 /* CDVLocalFilesystem.m in Sources */,
				6CD4CC76CE1543EB9ACF142E /* CDVAssetLibraryFilesystem.m in Sources */,
				B0F5821D74744DD7B4ED5833 /* CDVFileTransfer.m in Sources */,
				27FD26A775F845D0B02713E8 /* CDVLocation.m in Sources */,
				6C1A23A1E36949EB9A9E64E4 /* CDVGlobalization.m in Sources */,
				F198D396F09C42A0AD80A5FC /* WorkoutActivityConversion.m in Sources */,
				A9EB51E4FD3342BA8E897FC1 /* HKHealthStore+AAPLExtensions.m in Sources */,
				11788A28A59B424A9479A9B3 /* HealthKit.m in Sources */,
				4E0B1E740F8846A195742025 /* CDVSound.m in Sources */,
				B8C2DDBEF09F427A89E31744 /* CDVCapture.m in Sources */,
				854EEAC2E56E44D5B53B3BB4 /* CDVConnection.m in Sources */,
				147A1BCE91F04C07A31F0E3C /* CDVReachability.m in Sources */,
				AF4095806FD742E0B1750A47 /* CDVSplashScreen.m in Sources */,
				F7EE11DF0548426ABD7F0552 /* CDVViewController+SplashScreen.m in Sources */,
				818A1731A4A746348A6B5CEE /* CDVVibration.m in Sources */,
				BCF1394852DC4EC8A3E1CEDF /* CDVAccelerometer.m in Sources */,
				3BA9FA0AF62E4583B2FE1E96 /* CDVInAppBrowser.m in Sources */,
				0A101AE2E9EC48959C93F63D /* CDVStatusBar.m in Sources */,
			);
			runOnlyForDeploymentPostprocessing = 0;
		};
/* End PBXSourcesBuildPhase section */

/* Begin PBXTargetDependency section */
		301BF551109A68C00062928A /* PBXTargetDependency */ = {
			isa = PBXTargetDependency;
			name = CordovaLib;
			targetProxy = 301BF550109A68C00062928A /* PBXContainerItemProxy */;
		};
/* End PBXTargetDependency section */

/* Begin XCBuildConfiguration section */
		1D6058940D05DD3E006BFB54 /* Debug */ = {
			isa = XCBuildConfiguration;
			baseConfigurationReference = 3047A50F1AB8059700498E2A /* build-debug.xcconfig */;
			buildSettings = {
				ALWAYS_SEARCH_USER_PATHS = NO;
				ASSETCATALOG_COMPILER_APPICON_NAME = AppIcon;
				ASSETCATALOG_COMPILER_LAUNCHIMAGE_NAME = LaunchImage;
				CLANG_ENABLE_MODULES = YES;
				CLANG_ENABLE_OBJC_ARC = YES;
				CODE_SIGN_ENTITLEMENTS = "Moving Monsters/Moving Monsters.entitlements";
				CODE_SIGN_IDENTITY = "iPhone Developer";
				COPY_PHASE_STRIP = NO;
				GCC_DYNAMIC_NO_PIC = NO;
				GCC_OPTIMIZATION_LEVEL = 0;
				GCC_PRECOMPILE_PREFIX_HEADER = YES;
				GCC_PREFIX_HEADER = "Moving Monsters/Moving Monsters-Prefix.pch";
				GCC_THUMB_SUPPORT = NO;
				GCC_VERSION = "";
				INFOPLIST_FILE = "Moving Monsters/Moving Monsters-Info.plist";
				LD_RUNPATH_SEARCH_PATHS = "@executable_path/Frameworks";
				PRODUCT_BUNDLE_IDENTIFIER = edu.fontys.sm.testiugyadfcasdrqerty;
				PRODUCT_NAME = "Moving Monsters";
			};
			name = Debug;
		};
		1D6058950D05DD3E006BFB54 /* Release */ = {
			isa = XCBuildConfiguration;
			baseConfigurationReference = 3047A5101AB8059700498E2A /* build-release.xcconfig */;
			buildSettings = {
				ALWAYS_SEARCH_USER_PATHS = NO;
				ASSETCATALOG_COMPILER_APPICON_NAME = AppIcon;
				ASSETCATALOG_COMPILER_LAUNCHIMAGE_NAME = LaunchImage;
				CLANG_ENABLE_MODULES = YES;
				CLANG_ENABLE_OBJC_ARC = YES;
				CODE_SIGN_ENTITLEMENTS = "Moving Monsters/Moving Monsters.entitlements";
				CODE_SIGN_IDENTITY = "iPhone Developer";
				COPY_PHASE_STRIP = YES;
				GCC_PRECOMPILE_PREFIX_HEADER = YES;
				GCC_PREFIX_HEADER = "Moving Monsters/Moving Monsters-Prefix.pch";
				GCC_THUMB_SUPPORT = NO;
				GCC_VERSION = "";
				INFOPLIST_FILE = "Moving Monsters/Moving Monsters-Info.plist";
				PRODUCT_BUNDLE_IDENTIFIER = edu.fontys.sm.testiugyadfcasdrqerty;
				PRODUCT_NAME = "Moving Monsters";
			};
			name = Release;
		};
		C01FCF4F08A954540054247B /* Debug */ = {
			isa = XCBuildConfiguration;
			baseConfigurationReference = 3047A5111AB8059700498E2A /* build.xcconfig */;
			buildSettings = {
				CLANG_ENABLE_MODULES = YES;
				CLANG_ENABLE_OBJC_ARC = YES;
				CLANG_WARN_BOOL_CONVERSION = YES;
				CLANG_WARN_CONSTANT_CONVERSION = YES;
				CLANG_WARN_EMPTY_BODY = YES;
				CLANG_WARN_ENUM_CONVERSION = YES;
				CLANG_WARN_INT_CONVERSION = YES;
				CLANG_WARN__DUPLICATE_METHOD_MATCH = YES;
				GCC_C_LANGUAGE_STANDARD = c99;
				GCC_THUMB_SUPPORT = NO;
				GCC_VERSION = "";
				GCC_WARN_ABOUT_RETURN_TYPE = YES;
				GCC_WARN_UNDECLARED_SELECTOR = YES;
				GCC_WARN_UNINITIALIZED_AUTOS = YES;
				GCC_WARN_UNUSED_FUNCTION = YES;
				GCC_WARN_UNUSED_VARIABLE = YES;
				ONLY_ACTIVE_ARCH = YES;
				SDKROOT = iphoneos;
				SKIP_INSTALL = NO;
			};
			name = Debug;
		};
		C01FCF5008A954540054247B /* Release */ = {
			isa = XCBuildConfiguration;
			baseConfigurationReference = 3047A5111AB8059700498E2A /* build.xcconfig */;
			buildSettings = {
				CLANG_ENABLE_MODULES = YES;
				CLANG_ENABLE_OBJC_ARC = YES;
				CLANG_WARN_BOOL_CONVERSION = YES;
				CLANG_WARN_CONSTANT_CONVERSION = YES;
				CLANG_WARN_EMPTY_BODY = YES;
				CLANG_WARN_ENUM_CONVERSION = YES;
				CLANG_WARN_INT_CONVERSION = YES;
				CLANG_WARN__DUPLICATE_METHOD_MATCH = YES;
				GCC_C_LANGUAGE_STANDARD = c99;
				GCC_THUMB_SUPPORT = NO;
				GCC_VERSION = "";
				GCC_WARN_ABOUT_RETURN_TYPE = YES;
				GCC_WARN_UNDECLARED_SELECTOR = YES;
				GCC_WARN_UNINITIALIZED_AUTOS = YES;
				GCC_WARN_UNUSED_FUNCTION = YES;
				GCC_WARN_UNUSED_VARIABLE = YES;
				SDKROOT = iphoneos;
				SKIP_INSTALL = NO;
			};
			name = Release;
		};
/* End XCBuildConfiguration section */

/* Begin XCConfigurationList section */
		1D6058960D05DD3E006BFB54 /* Build configuration list for PBXNativeTarget "Moving Monsters" */ = {
			isa = XCConfigurationList;
			buildConfigurations = (
				1D6058940D05DD3E006BFB54 /* Debug */,
				1D6058950D05DD3E006BFB54 /* Release */,
			);
			defaultConfigurationIsVisible = 0;
			defaultConfigurationName = Release;
		};
		C01FCF4E08A954540054247B /* Build configuration list for PBXProject "Moving Monsters" */ = {
			isa = XCConfigurationList;
			buildConfigurations = (
				C01FCF4F08A954540054247B /* Debug */,
				C01FCF5008A954540054247B /* Release */,
			);
			defaultConfigurationIsVisible = 0;
			defaultConfigurationName = Release;
		};
/* End XCConfigurationList section */
	};
	rootObject = 29B97313FDCFA39411CA2CEA /* Project object */;
}
